// !$*UTF8*$!
{
	archiveVersion = 1;
	classes = {
	};
	objectVersion = 51;
	objects = {

/* Begin PBXBuildFile section */
		2DB9C66680B3AF6CD25DD96E /* Pods_RACPlayground.framework in Frameworks */ = {isa = PBXBuildFile; fileRef = DE62FBD2015793094458632A /* Pods_RACPlayground.framework */; };
		9AD133DDD74A75267EB09CE4 /* Pods_RACPlayground_RACPlaygroundUITests.framework in Frameworks */ = {isa = PBXBuildFile; fileRef = 1963DF57254DB0C10B55E4A2 /* Pods_RACPlayground_RACPlaygroundUITests.framework */; };
		D18E2AF3C38E5BE958A027F2 /* Pods_RACPlaygroundTests.framework in Frameworks */ = {isa = PBXBuildFile; fileRef = E537B031965A0AD87540F6F3 /* Pods_RACPlaygroundTests.framework */; };
		F931B2F6254D536300C215A5 /* AppDelegate.m in Sources */ = {isa = PBXBuildFile; fileRef = F931B2F5254D536300C215A5 /* AppDelegate.m */; };
		F931B2FC254D536300C215A5 /* ViewController.m in Sources */ = {isa = PBXBuildFile; fileRef = F931B2FB254D536300C215A5 /* ViewController.m */; };
		F931B2FF254D536300C215A5 /* Main.storyboard in Resources */ = {isa = PBXBuildFile; fileRef = F931B2FD254D536300C215A5 /* Main.storyboard */; };
		F931B301254D536600C215A5 /* Assets.xcassets in Resources */ = {isa = PBXBuildFile; fileRef = F931B300254D536600C215A5 /* Assets.xcassets */; };
		F931B304254D536600C215A5 /* LaunchScreen.storyboard in Resources */ = {isa = PBXBuildFile; fileRef = F931B302254D536600C215A5 /* LaunchScreen.storyboard */; };
		F931B307254D536600C215A5 /* main.m in Sources */ = {isa = PBXBuildFile; fileRef = F931B306254D536600C215A5 /* main.m */; };
		F931B311254D536600C215A5 /* RACPlaygroundTests.m in Sources */ = {isa = PBXBuildFile; fileRef = F931B310254D536600C215A5 /* RACPlaygroundTests.m */; };
		F931B31C254D536600C215A5 /* RACPlaygroundUITests.m in Sources */ = {isa = PBXBuildFile; fileRef = F931B31B254D536600C215A5 /* RACPlaygroundUITests.m */; };
		F931B32F254D540400C215A5 /* RWViewController.m in Sources */ = {isa = PBXBuildFile; fileRef = F931B32E254D540400C215A5 /* RWViewController.m */; };
		F931B336254D541B00C215A5 /* RWDummySignInService.m in Sources */ = {isa = PBXBuildFile; fileRef = F931B334254D541B00C215A5 /* RWDummySignInService.m */; };
		F931B33B254D542A00C215A5 /* kitten.jpg in Resources */ = {isa = PBXBuildFile; fileRef = F931B33A254D542A00C215A5 /* kitten.jpg */; };
		F931B348254D558300C215A5 /* Pods_RACPlayground.framework in Embed Frameworks */ = {isa = PBXBuildFile; fileRef = 1489E75787D5D8C9029B0004 /* Pods_RACPlayground.framework */; settings = {ATTRIBUTES = (RemoveHeadersOnCopy, ); }; };
		F931B4F1254D5C6900C215A5 /* SceneDelegate.m in Sources */ = {isa = PBXBuildFile; fileRef = F931B2F8254D536300C215A5 /* SceneDelegate.m */; };
/* End PBXBuildFile section */

/* Begin PBXContainerItemProxy section */
		F931B30D254D536600C215A5 /* PBXContainerItemProxy */ = {
			isa = PBXContainerItemProxy;
			containerPortal = F931B2E9254D536300C215A5 /* Project object */;
			proxyType = 1;
			remoteGlobalIDString = F931B2F0254D536300C215A5;
			remoteInfo = RACPlayground;
		};
		F931B318254D536600C215A5 /* PBXContainerItemProxy */ = {
			isa = PBXContainerItemProxy;
			containerPortal = F931B2E9254D536300C215A5 /* Project object */;
			proxyType = 1;
			remoteGlobalIDString = F931B2F0254D536300C215A5;
			remoteInfo = RACPlayground;
		};
/* End PBXContainerItemProxy section */

/* Begin PBXCopyFilesBuildPhase section */
		F931B349254D558300C215A5 /* Embed Frameworks */ = {
			isa = PBXCopyFilesBuildPhase;
			buildActionMask = 2147483647;
			dstPath = "";
			dstSubfolderSpec = 10;
			files = (
				F931B348254D558300C215A5 /* Pods_RACPlayground.framework in Embed Frameworks */,
			);
			name = "Embed Frameworks";
			runOnlyForDeploymentPostprocessing = 0;
		};
/* End PBXCopyFilesBuildPhase section */

/* Begin PBXFileReference section */
		1489E75787D5D8C9029B0004 /* Pods_RACPlayground.framework */ = {isa = PBXFileReference; explicitFileType = wrapper.framework; includeInIndex = 0; path = Pods_RACPlayground.framework; sourceTree = BUILT_PRODUCTS_DIR; };
		1963DF57254DB0C10B55E4A2 /* Pods_RACPlayground_RACPlaygroundUITests.framework */ = {isa = PBXFileReference; explicitFileType = wrapper.framework; includeInIndex = 0; path = Pods_RACPlayground_RACPlaygroundUITests.framework; sourceTree = BUILT_PRODUCTS_DIR; };
		311C471DDC90726598C32302 /* Pods-RACPlaygroundTests.release.xcconfig */ = {isa = PBXFileReference; includeInIndex = 1; lastKnownFileType = text.xcconfig; name = "Pods-RACPlaygroundTests.release.xcconfig"; path = "Target Support Files/Pods-RACPlaygroundTests/Pods-RACPlaygroundTests.release.xcconfig"; sourceTree = "<group>"; };
		354F0A6A76096047F3D31FB7 /* Pods-RACPlayground.release.xcconfig */ = {isa = PBXFileReference; includeInIndex = 1; lastKnownFileType = text.xcconfig; name = "Pods-RACPlayground.release.xcconfig"; path = "Target Support Files/Pods-RACPlayground/Pods-RACPlayground.release.xcconfig"; sourceTree = "<group>"; };
		594FA77A084CBF7706DCF6D8 /* Pods-RACPlayground-RACPlaygroundUITests.debug.xcconfig */ = {isa = PBXFileReference; includeInIndex = 1; lastKnownFileType = text.xcconfig; name = "Pods-RACPlayground-RACPlaygroundUITests.debug.xcconfig"; path = "Target Support Files/Pods-RACPlayground-RACPlaygroundUITests/Pods-RACPlayground-RACPlaygroundUITests.debug.xcconfig"; sourceTree = "<group>"; };
		6988A08CB8E3BD7D5E12A392 /* Pods-RACPlayground.debug.xcconfig */ = {isa = PBXFileReference; includeInIndex = 1; lastKnownFileType = text.xcconfig; name = "Pods-RACPlayground.debug.xcconfig"; path = "Target Support Files/Pods-RACPlayground/Pods-RACPlayground.debug.xcconfig"; sourceTree = "<group>"; };
		8CD4BE180060B6BB2FC51825 /* Pods-RACPlayground-RACPlaygroundUITests.release.xcconfig */ = {isa = PBXFileReference; includeInIndex = 1; lastKnownFileType = text.xcconfig; name = "Pods-RACPlayground-RACPlaygroundUITests.release.xcconfig"; path = "Target Support Files/Pods-RACPlayground-RACPlaygroundUITests/Pods-RACPlayground-RACPlaygroundUITests.release.xcconfig"; sourceTree = "<group>"; };
		DE62FBD2015793094458632A /* Pods_RACPlayground.framework */ = {isa = PBXFileReference; explicitFileType = wrapper.framework; includeInIndex = 0; path = Pods_RACPlayground.framework; sourceTree = BUILT_PRODUCTS_DIR; };
		E537B031965A0AD87540F6F3 /* Pods_RACPlaygroundTests.framework */ = {isa = PBXFileReference; explicitFileType = wrapper.framework; includeInIndex = 0; path = Pods_RACPlaygroundTests.framework; sourceTree = BUILT_PRODUCTS_DIR; };
		F71421B6B7F62E21FFFB81CA /* Pods-RACPlaygroundTests.debug.xcconfig */ = {isa = PBXFileReference; includeInIndex = 1; lastKnownFileType = text.xcconfig; name = "Pods-RACPlaygroundTests.debug.xcconfig"; path = "Target Support Files/Pods-RACPlaygroundTests/Pods-RACPlaygroundTests.debug.xcconfig"; sourceTree = "<group>"; };
		F931B2F1254D536300C215A5 /* RACPlayground.app */ = {isa = PBXFileReference; explicitFileType = wrapper.application; includeInIndex = 0; path = RACPlayground.app; sourceTree = BUILT_PRODUCTS_DIR; };
		F931B2F4254D536300C215A5 /* AppDelegate.h */ = {isa = PBXFileReference; lastKnownFileType = sourcecode.c.h; path = AppDelegate.h; sourceTree = "<group>"; };
		F931B2F5254D536300C215A5 /* AppDelegate.m */ = {isa = PBXFileReference; lastKnownFileType = sourcecode.c.objc; path = AppDelegate.m; sourceTree = "<group>"; };
		F931B2F7254D536300C215A5 /* SceneDelegate.h */ = {isa = PBXFileReference; lastKnownFileType = sourcecode.c.h; path = SceneDelegate.h; sourceTree = "<group>"; };
		F931B2F8254D536300C215A5 /* SceneDelegate.m */ = {isa = PBXFileReference; lastKnownFileType = sourcecode.c.objc; path = SceneDelegate.m; sourceTree = "<group>"; };
		F931B2FA254D536300C215A5 /* ViewController.h */ = {isa = PBXFileReference; lastKnownFileType = sourcecode.c.h; path = ViewController.h; sourceTree = "<group>"; };
		F931B2FB254D536300C215A5 /* ViewController.m */ = {isa = PBXFileReference; lastKnownFileType = sourcecode.c.objc; path = ViewController.m; sourceTree = "<group>"; };
		F931B2FE254D536300C215A5 /* Base */ = {isa = PBXFileReference; lastKnownFileType = file.storyboard; name = Base; path = Base.lproj/Main.storyboard; sourceTree = "<group>"; };
		F931B300254D536600C215A5 /* Assets.xcassets */ = {isa = PBXFileReference; lastKnownFileType = folder.assetcatalog; path = Assets.xcassets; sourceTree = "<group>"; };
		F931B303254D536600C215A5 /* Base */ = {isa = PBXFileReference; lastKnownFileType = file.storyboard; name = Base; path = Base.lproj/LaunchScreen.storyboard; sourceTree = "<group>"; };
		F931B305254D536600C215A5 /* Info.plist */ = {isa = PBXFileReference; lastKnownFileType = text.plist.xml; path = Info.plist; sourceTree = "<group>"; };
		F931B306254D536600C215A5 /* main.m */ = {isa = PBXFileReference; lastKnownFileType = sourcecode.c.objc; path = main.m; sourceTree = "<group>"; };
		F931B30C254D536600C215A5 /* RACPlaygroundTests.xctest */ = {isa = PBXFileReference; explicitFileType = wrapper.cfbundle; includeInIndex = 0; path = RACPlaygroundTests.xctest; sourceTree = BUILT_PRODUCTS_DIR; };
		F931B310254D536600C215A5 /* RACPlaygroundTests.m */ = {isa = PBXFileReference; lastKnownFileType = sourcecode.c.objc; path = RACPlaygroundTests.m; sourceTree = "<group>"; };
		F931B312254D536600C215A5 /* Info.plist */ = {isa = PBXFileReference; lastKnownFileType = text.plist.xml; path = Info.plist; sourceTree = "<group>"; };
		F931B317254D536600C215A5 /* RACPlaygroundUITests.xctest */ = {isa = PBXFileReference; explicitFileType = wrapper.cfbundle; includeInIndex = 0; path = RACPlaygroundUITests.xctest; sourceTree = BUILT_PRODUCTS_DIR; };
		F931B31B254D536600C215A5 /* RACPlaygroundUITests.m */ = {isa = PBXFileReference; lastKnownFileType = sourcecode.c.objc; path = RACPlaygroundUITests.m; sourceTree = "<group>"; };
		F931B31D254D536600C215A5 /* Info.plist */ = {isa = PBXFileReference; lastKnownFileType = text.plist.xml; path = Info.plist; sourceTree = "<group>"; };
		F931B32D254D540400C215A5 /* RWViewController.h */ = {isa = PBXFileReference; fileEncoding = 4; lastKnownFileType = sourcecode.c.h; path = RWViewController.h; sourceTree = "<group>"; };
		F931B32E254D540400C215A5 /* RWViewController.m */ = {isa = PBXFileReference; fileEncoding = 4; lastKnownFileType = sourcecode.c.objc; path = RWViewController.m; sourceTree = "<group>"; };
		F931B334254D541B00C215A5 /* RWDummySignInService.m */ = {isa = PBXFileReference; fileEncoding = 4; lastKnownFileType = sourcecode.c.objc; path = RWDummySignInService.m; sourceTree = "<group>"; };
		F931B335254D541B00C215A5 /* RWDummySignInService.h */ = {isa = PBXFileReference; fileEncoding = 4; lastKnownFileType = sourcecode.c.h; path = RWDummySignInService.h; sourceTree = "<group>"; };
		F931B33A254D542A00C215A5 /* kitten.jpg */ = {isa = PBXFileReference; lastKnownFileType = image.jpeg; path = kitten.jpg; sourceTree = "<group>"; };
		F931B4F4254D5D4900C215A5 /* README.md */ = {isa = PBXFileReference; lastKnownFileType = net.daringfireball.markdown; path = README.md; sourceTree = "<group>"; };
/* End PBXFileReference section */

/* Begin PBXFrameworksBuildPhase section */
		F931B2EE254D536300C215A5 /* Frameworks */ = {
			isa = PBXFrameworksBuildPhase;
			buildActionMask = 2147483647;
			files = (
				2DB9C66680B3AF6CD25DD96E /* Pods_RACPlayground.framework in Frameworks */,
			);
			runOnlyForDeploymentPostprocessing = 0;
		};
		F931B309254D536600C215A5 /* Frameworks */ = {
			isa = PBXFrameworksBuildPhase;
			buildActionMask = 2147483647;
			files = (
				D18E2AF3C38E5BE958A027F2 /* Pods_RACPlaygroundTests.framework in Frameworks */,
			);
			runOnlyForDeploymentPostprocessing = 0;
		};
		F931B314254D536600C215A5 /* Frameworks */ = {
			isa = PBXFrameworksBuildPhase;
			buildActionMask = 2147483647;
			files = (
				9AD133DDD74A75267EB09CE4 /* Pods_RACPlayground_RACPlaygroundUITests.framework in Frameworks */,
			);
			runOnlyForDeploymentPostprocessing = 0;
		};
/* End PBXFrameworksBuildPhase section */

/* Begin PBXGroup section */
		A43860056793BF8B167B1608 /* Pods */ = {
			isa = PBXGroup;
			children = (
				6988A08CB8E3BD7D5E12A392 /* Pods-RACPlayground.debug.xcconfig */,
				354F0A6A76096047F3D31FB7 /* Pods-RACPlayground.release.xcconfig */,
				594FA77A084CBF7706DCF6D8 /* Pods-RACPlayground-RACPlaygroundUITests.debug.xcconfig */,
				8CD4BE180060B6BB2FC51825 /* Pods-RACPlayground-RACPlaygroundUITests.release.xcconfig */,
				F71421B6B7F62E21FFFB81CA /* Pods-RACPlaygroundTests.debug.xcconfig */,
				311C471DDC90726598C32302 /* Pods-RACPlaygroundTests.release.xcconfig */,
			);
			path = Pods;
			sourceTree = "<group>";
		};
		CDEC294AC978BF9DADD5E0F9 /* Frameworks */ = {
			isa = PBXGroup;
			children = (
				DE62FBD2015793094458632A /* Pods_RACPlayground.framework */,
				1963DF57254DB0C10B55E4A2 /* Pods_RACPlayground_RACPlaygroundUITests.framework */,
				E537B031965A0AD87540F6F3 /* Pods_RACPlaygroundTests.framework */,
			);
			name = Frameworks;
			sourceTree = "<group>";
		};
		F931B2E8254D536300C215A5 = {
			isa = PBXGroup;
			children = (
				F931B4F4254D5D4900C215A5 /* README.md */,
				F931B2F3254D536300C215A5 /* RACPlayground */,
				F931B30F254D536600C215A5 /* RACPlaygroundTests */,
				F931B31A254D536600C215A5 /* RACPlaygroundUITests */,
				F931B2F2254D536300C215A5 /* Products */,
				A43860056793BF8B167B1608 /* Pods */,
				CDEC294AC978BF9DADD5E0F9 /* Frameworks */,
				F931B35F254D5A4200C215A5 /* Recovered References */,
			);
			sourceTree = "<group>";
		};
		F931B2F2254D536300C215A5 /* Products */ = {
			isa = PBXGroup;
			children = (
				F931B2F1254D536300C215A5 /* RACPlayground.app */,
				F931B30C254D536600C215A5 /* RACPlaygroundTests.xctest */,
				F931B317254D536600C215A5 /* RACPlaygroundUITests.xctest */,
			);
			name = Products;
			sourceTree = "<group>";
		};
		F931B2F3254D536300C215A5 /* RACPlayground */ = {
			isa = PBXGroup;
			children = (
				F931B33A254D542A00C215A5 /* kitten.jpg */,
				F931B333254D541300C215A5 /* Server */,
				F931B32C254D53F900C215A5 /* Controller */,
				F931B2F4254D536300C215A5 /* AppDelegate.h */,
				F931B2F5254D536300C215A5 /* AppDelegate.m */,
				F931B2F7254D536300C215A5 /* SceneDelegate.h */,
				F931B2F8254D536300C215A5 /* SceneDelegate.m */,
				F931B2FA254D536300C215A5 /* ViewController.h */,
				F931B2FB254D536300C215A5 /* ViewController.m */,
				F931B2FD254D536300C215A5 /* Main.storyboard */,
				F931B300254D536600C215A5 /* Assets.xcassets */,
				F931B302254D536600C215A5 /* LaunchScreen.storyboard */,
				F931B305254D536600C215A5 /* Info.plist */,
				F931B306254D536600C215A5 /* main.m */,
			);
			path = RACPlayground;
			sourceTree = "<group>";
		};
		F931B30F254D536600C215A5 /* RACPlaygroundTests */ = {
			isa = PBXGroup;
			children = (
				F931B310254D536600C215A5 /* RACPlaygroundTests.m */,
				F931B312254D536600C215A5 /* Info.plist */,
			);
			path = RACPlaygroundTests;
			sourceTree = "<group>";
		};
		F931B31A254D536600C215A5 /* RACPlaygroundUITests */ = {
			isa = PBXGroup;
			children = (
				F931B31B254D536600C215A5 /* RACPlaygroundUITests.m */,
				F931B31D254D536600C215A5 /* Info.plist */,
			);
			path = RACPlaygroundUITests;
			sourceTree = "<group>";
		};
		F931B32C254D53F900C215A5 /* Controller */ = {
			isa = PBXGroup;
			children = (
				F931B32D254D540400C215A5 /* RWViewController.h */,
				F931B32E254D540400C215A5 /* RWViewController.m */,
			);
			path = Controller;
			sourceTree = "<group>";
		};
		F931B333254D541300C215A5 /* Server */ = {
			isa = PBXGroup;
			children = (
				F931B335254D541B00C215A5 /* RWDummySignInService.h */,
				F931B334254D541B00C215A5 /* RWDummySignInService.m */,
			);
			path = Server;
			sourceTree = "<group>";
		};
		F931B35F254D5A4200C215A5 /* Recovered References */ = {
			isa = PBXGroup;
			children = (
				1489E75787D5D8C9029B0004 /* Pods_RACPlayground.framework */,
			);
			name = "Recovered References";
			sourceTree = "<group>";
		};
/* End PBXGroup section */

/* Begin PBXNativeTarget section */
		F931B2F0254D536300C215A5 /* RACPlayground */ = {
			isa = PBXNativeTarget;
			buildConfigurationList = F931B320254D536600C215A5 /* Build configuration list for PBXNativeTarget "RACPlayground" */;
			buildPhases = (
				161DBB1D648E61DDD6D72C70 /* [CP] Check Pods Manifest.lock */,
				F931B2ED254D536300C215A5 /* Sources */,
				F931B2EE254D536300C215A5 /* Frameworks */,
				F931B2EF254D536300C215A5 /* Resources */,
				F931B349254D558300C215A5 /* Embed Frameworks */,
				6D4616A9456FCBFD2A2100BF /* [CP] Embed Pods Frameworks */,
			);
			buildRules = (
			);
			dependencies = (
			);
			name = RACPlayground;
			productName = RACPlayground;
			productReference = F931B2F1254D536300C215A5 /* RACPlayground.app */;
			productType = "com.apple.product-type.application";
		};
		F931B30B254D536600C215A5 /* RACPlaygroundTests */ = {
			isa = PBXNativeTarget;
			buildConfigurationList = F931B323254D536600C215A5 /* Build configuration list for PBXNativeTarget "RACPlaygroundTests" */;
			buildPhases = (
				EF43C45CAA7D343EE9DFB39E /* [CP] Check Pods Manifest.lock */,
				F931B308254D536600C215A5 /* Sources */,
				F931B309254D536600C215A5 /* Frameworks */,
				F931B30A254D536600C215A5 /* Resources */,
			);
			buildRules = (
			);
			dependencies = (
				F931B30E254D536600C215A5 /* PBXTargetDependency */,
			);
			name = RACPlaygroundTests;
			productName = RACPlaygroundTests;
			productReference = F931B30C254D536600C215A5 /* RACPlaygroundTests.xctest */;
			productType = "com.apple.product-type.bundle.unit-test";
		};
		F931B316254D536600C215A5 /* RACPlaygroundUITests */ = {
			isa = PBXNativeTarget;
			buildConfigurationList = F931B326254D536600C215A5 /* Build configuration list for PBXNativeTarget "RACPlaygroundUITests" */;
			buildPhases = (
				BA8AA69BA1981AE2532D40A9 /* [CP] Check Pods Manifest.lock */,
				F931B313254D536600C215A5 /* Sources */,
				F931B314254D536600C215A5 /* Frameworks */,
				F931B315254D536600C215A5 /* Resources */,
				2187E5ACF649FA4FA1E267C9 /* [CP] Embed Pods Frameworks */,
			);
			buildRules = (
			);
			dependencies = (
				F931B319254D536600C215A5 /* PBXTargetDependency */,
			);
			name = RACPlaygroundUITests;
			productName = RACPlaygroundUITests;
			productReference = F931B317254D536600C215A5 /* RACPlaygroundUITests.xctest */;
			productType = "com.apple.product-type.bundle.ui-testing";
		};
/* End PBXNativeTarget section */

/* Begin PBXProject section */
		F931B2E9254D536300C215A5 /* Project object */ = {
			isa = PBXProject;
			attributes = {
				LastUpgradeCheck = 1210;
				TargetAttributes = {
					F931B2F0254D536300C215A5 = {
						CreatedOnToolsVersion = 12.1;
					};
					F931B30B254D536600C215A5 = {
						CreatedOnToolsVersion = 12.1;
						TestTargetID = F931B2F0254D536300C215A5;
					};
					F931B316254D536600C215A5 = {
						CreatedOnToolsVersion = 12.1;
						TestTargetID = F931B2F0254D536300C215A5;
					};
				};
			};
			buildConfigurationList = F931B2EC254D536300C215A5 /* Build configuration list for PBXProject "RACPlayground" */;
			compatibilityVersion = "Xcode 9.3";
			developmentRegion = en;
			hasScannedForEncodings = 0;
			knownRegions = (
				en,
				Base,
			);
			mainGroup = F931B2E8254D536300C215A5;
			productRefGroup = F931B2F2254D536300C215A5 /* Products */;
			projectDirPath = "";
			projectRoot = "";
			targets = (
				F931B2F0254D536300C215A5 /* RACPlayground */,
				F931B30B254D536600C215A5 /* RACPlaygroundTests */,
				F931B316254D536600C215A5 /* RACPlaygroundUITests */,
			);
		};
/* End PBXProject section */

/* Begin PBXResourcesBuildPhase section */
		F931B2EF254D536300C215A5 /* Resources */ = {
			isa = PBXResourcesBuildPhase;
			buildActionMask = 2147483647;
			files = (
				F931B33B254D542A00C215A5 /* kitten.jpg in Resources */,
				F931B304254D536600C215A5 /* LaunchScreen.storyboard in Resources */,
				F931B301254D536600C215A5 /* Assets.xcassets in Resources */,
				F931B2FF254D536300C215A5 /* Main.storyboard in Resources */,
			);
			runOnlyForDeploymentPostprocessing = 0;
		};
		F931B30A254D536600C215A5 /* Resources */ = {
			isa = PBXResourcesBuildPhase;
			buildActionMask = 2147483647;
			files = (
			);
			runOnlyForDeploymentPostprocessing = 0;
		};
		F931B315254D536600C215A5 /* Resources */ = {
			isa = PBXResourcesBuildPhase;
			buildActionMask = 2147483647;
			files = (
			);
			runOnlyForDeploymentPostprocessing = 0;
		};
/* End PBXResourcesBuildPhase section */

/* Begin PBXShellScriptBuildPhase section */
		161DBB1D648E61DDD6D72C70 /* [CP] Check Pods Manifest.lock */ = {
			isa = PBXShellScriptBuildPhase;
			buildActionMask = 2147483647;
			files = (
			);
			inputFileListPaths = (
			);
			inputPaths = (
				"${PODS_PODFILE_DIR_PATH}/Podfile.lock",
				"${PODS_ROOT}/Manifest.lock",
			);
			name = "[CP] Check Pods Manifest.lock";
			outputFileListPaths = (
			);
			outputPaths = (
				"$(DERIVED_FILE_DIR)/Pods-RACPlayground-checkManifestLockResult.txt",
			);
			runOnlyForDeploymentPostprocessing = 0;
			shellPath = /bin/sh;
			shellScript = "diff \"${PODS_PODFILE_DIR_PATH}/Podfile.lock\" \"${PODS_ROOT}/Manifest.lock\" > /dev/null\nif [ $? != 0 ] ; then\n    # print error to STDERR\n    echo \"error: The sandbox is not in sync with the Podfile.lock. Run 'pod install' or update your CocoaPods installation.\" >&2\n    exit 1\nfi\n# This output is used by Xcode 'outputs' to avoid re-running this script phase.\necho \"SUCCESS\" > \"${SCRIPT_OUTPUT_FILE_0}\"\n";
			showEnvVarsInLog = 0;
		};
		2187E5ACF649FA4FA1E267C9 /* [CP] Embed Pods Frameworks */ = {
			isa = PBXShellScriptBuildPhase;
			buildActionMask = 2147483647;
			files = (
			);
			inputFileListPaths = (
				"${PODS_ROOT}/Target Support Files/Pods-RACPlayground-RACPlaygroundUITests/Pods-RACPlayground-RACPlaygroundUITests-frameworks-${CONFIGURATION}-input-files.xcfilelist",
			);
			name = "[CP] Embed Pods Frameworks";
			outputFileListPaths = (
				"${PODS_ROOT}/Target Support Files/Pods-RACPlayground-RACPlaygroundUITests/Pods-RACPlayground-RACPlaygroundUITests-frameworks-${CONFIGURATION}-output-files.xcfilelist",
			);
			runOnlyForDeploymentPostprocessing = 0;
			shellPath = /bin/sh;
			shellScript = "\"${PODS_ROOT}/Target Support Files/Pods-RACPlayground-RACPlaygroundUITests/Pods-RACPlayground-RACPlaygroundUITests-frameworks.sh\"\n";
			showEnvVarsInLog = 0;
		};
		6D4616A9456FCBFD2A2100BF /* [CP] Embed Pods Frameworks */ = {
			isa = PBXShellScriptBuildPhase;
			buildActionMask = 2147483647;
			files = (
			);
			inputFileListPaths = (
				"${PODS_ROOT}/Target Support Files/Pods-RACPlayground/Pods-RACPlayground-frameworks-${CONFIGURATION}-input-files.xcfilelist",
			);
			name = "[CP] Embed Pods Frameworks";
			outputFileListPaths = (
				"${PODS_ROOT}/Target Support Files/Pods-RACPlayground/Pods-RACPlayground-frameworks-${CONFIGURATION}-output-files.xcfilelist",
			);
			runOnlyForDeploymentPostprocessing = 0;
			shellPath = /bin/sh;
			shellScript = "\"${PODS_ROOT}/Target Support Files/Pods-RACPlayground/Pods-RACPlayground-frameworks.sh\"\n";
			showEnvVarsInLog = 0;
		};
		BA8AA69BA1981AE2532D40A9 /* [CP] Check Pods Manifest.lock */ = {
			isa = PBXShellScriptBuildPhase;
			buildActionMask = 2147483647;
			files = (
			);
			inputFileListPaths = (
			);
			inputPaths = (
				"${PODS_PODFILE_DIR_PATH}/Podfile.lock",
				"${PODS_ROOT}/Manifest.lock",
			);
			name = "[CP] Check Pods Manifest.lock";
			outputFileListPaths = (
			);
			outputPaths = (
				"$(DERIVED_FILE_DIR)/Pods-RACPlayground-RACPlaygroundUITests-checkManifestLockResult.txt",
			);
			runOnlyForDeploymentPostprocessing = 0;
			shellPath = /bin/sh;
			shellScript = "diff \"${PODS_PODFILE_DIR_PATH}/Podfile.lock\" \"${PODS_ROOT}/Manifest.lock\" > /dev/null\nif [ $? != 0 ] ; then\n    # print error to STDERR\n    echo \"error: The sandbox is not in sync with the Podfile.lock. Run 'pod install' or update your CocoaPods installation.\" >&2\n    exit 1\nfi\n# This output is used by Xcode 'outputs' to avoid re-running this script phase.\necho \"SUCCESS\" > \"${SCRIPT_OUTPUT_FILE_0}\"\n";
			showEnvVarsInLog = 0;
		};
		EF43C45CAA7D343EE9DFB39E /* [CP] Check Pods Manifest.lock */ = {
			isa = PBXShellScriptBuildPhase;
			buildActionMask = 2147483647;
			files = (
			);
			inputFileListPaths = (
			);
			inputPaths = (
				"${PODS_PODFILE_DIR_PATH}/Podfile.lock",
				"${PODS_ROOT}/Manifest.lock",
			);
			name = "[CP] Check Pods Manifest.lock";
			outputFileListPaths = (
			);
			outputPaths = (
				"$(DERIVED_FILE_DIR)/Pods-RACPlaygroundTests-checkManifestLockResult.txt",
			);
			runOnlyForDeploymentPostprocessing = 0;
			shellPath = /bin/sh;
			shellScript = "diff \"${PODS_PODFILE_DIR_PATH}/Podfile.lock\" \"${PODS_ROOT}/Manifest.lock\" > /dev/null\nif [ $? != 0 ] ; then\n    # print error to STDERR\n    echo \"error: The sandbox is not in sync with the Podfile.lock. Run 'pod install' or update your CocoaPods installation.\" >&2\n    exit 1\nfi\n# This output is used by Xcode 'outputs' to avoid re-running this script phase.\necho \"SUCCESS\" > \"${SCRIPT_OUTPUT_FILE_0}\"\n";
			showEnvVarsInLog = 0;
		};
/* End PBXShellScriptBuildPhase section */

/* Begin PBXSourcesBuildPhase section */
		F931B2ED254D536300C215A5 /* Sources */ = {
			isa = PBXSourcesBuildPhase;
			buildActionMask = 2147483647;
			files = (
				F931B2FC254D536300C215A5 /* ViewController.m in Sources */,
				F931B4F1254D5C6900C215A5 /* SceneDelegate.m in Sources */,
				F931B2F6254D536300C215A5 /* AppDelegate.m in Sources */,
				F931B307254D536600C215A5 /* main.m in Sources */,
				F931B32F254D540400C215A5 /* RWViewController.m in Sources */,
				F931B336254D541B00C215A5 /* RWDummySignInService.m in Sources */,
			);
			runOnlyForDeploymentPostprocessing = 0;
		};
		F931B308254D536600C215A5 /* Sources */ = {
			isa = PBXSourcesBuildPhase;
			buildActionMask = 2147483647;
			files = (
				F931B311254D536600C215A5 /* RACPlaygroundTests.m in Sources */,
			);
			runOnlyForDeploymentPostprocessing = 0;
		};
		F931B313254D536600C215A5 /* Sources */ = {
			isa = PBXSourcesBuildPhase;
			buildActionMask = 2147483647;
			files = (
				F931B31C254D536600C215A5 /* RACPlaygroundUITests.m in Sources */,
			);
			runOnlyForDeploymentPostprocessing = 0;
		};
/* End PBXSourcesBuildPhase section */

/* Begin PBXTargetDependency section */
		F931B30E254D536600C215A5 /* PBXTargetDependency */ = {
			isa = PBXTargetDependency;
			target = F931B2F0254D536300C215A5 /* RACPlayground */;
			targetProxy = F931B30D254D536600C215A5 /* PBXContainerItemProxy */;
		};
		F931B319254D536600C215A5 /* PBXTargetDependency */ = {
			isa = PBXTargetDependency;
			target = F931B2F0254D536300C215A5 /* RACPlayground */;
			targetProxy = F931B318254D536600C215A5 /* PBXContainerItemProxy */;
		};
/* End PBXTargetDependency section */

/* Begin PBXVariantGroup section */
		F931B2FD254D536300C215A5 /* Main.storyboard */ = {
			isa = PBXVariantGroup;
			children = (
				F931B2FE254D536300C215A5 /* Base */,
			);
			name = Main.storyboard;
			sourceTree = "<group>";
		};
		F931B302254D536600C215A5 /* LaunchScreen.storyboard */ = {
			isa = PBXVariantGroup;
			children = (
				F931B303254D536600C215A5 /* Base */,
			);
			name = LaunchScreen.storyboard;
			sourceTree = "<group>";
		};
/* End PBXVariantGroup section */

/* Begin XCBuildConfiguration section */
		F931B31E254D536600C215A5 /* Debug */ = {
			isa = XCBuildConfiguration;
			buildSettings = {
				ALWAYS_SEARCH_USER_PATHS = NO;
				CLANG_ANALYZER_NONNULL = YES;
				CLANG_ANALYZER_NUMBER_OBJECT_CONVERSION = YES_AGGRESSIVE;
				CLANG_CXX_LANGUAGE_STANDARD = "gnu++14";
				CLANG_CXX_LIBRARY = "libc++";
				CLANG_ENABLE_MODULES = YES;
				CLANG_ENABLE_OBJC_ARC = YES;
				CLANG_ENABLE_OBJC_WEAK = YES;
				CLANG_WARN_BLOCK_CAPTURE_AUTORELEASING = YES;
				CLANG_WARN_BOOL_CONVERSION = YES;
				CLANG_WARN_COMMA = YES;
				CLANG_WARN_CONSTANT_CONVERSION = YES;
				CLANG_WARN_DEPRECATED_OBJC_IMPLEMENTATIONS = YES;
				CLANG_WARN_DIRECT_OBJC_ISA_USAGE = YES_ERROR;
				CLANG_WARN_DOCUMENTATION_COMMENTS = YES;
				CLANG_WARN_EMPTY_BODY = YES;
				CLANG_WARN_ENUM_CONVERSION = YES;
				CLANG_WARN_INFINITE_RECURSION = YES;
				CLANG_WARN_INT_CONVERSION = YES;
				CLANG_WARN_NON_LITERAL_NULL_CONVERSION = YES;
				CLANG_WARN_OBJC_IMPLICIT_RETAIN_SELF = YES;
				CLANG_WARN_OBJC_LITERAL_CONVERSION = YES;
				CLANG_WARN_OBJC_ROOT_CLASS = YES_ERROR;
				CLANG_WARN_QUOTED_INCLUDE_IN_FRAMEWORK_HEADER = YES;
				CLANG_WARN_RANGE_LOOP_ANALYSIS = YES;
				CLANG_WARN_STRICT_PROTOTYPES = YES;
				CLANG_WARN_SUSPICIOUS_MOVE = YES;
				CLANG_WARN_UNGUARDED_AVAILABILITY = YES_AGGRESSIVE;
				CLANG_WARN_UNREACHABLE_CODE = YES;
				CLANG_WARN__DUPLICATE_METHOD_MATCH = YES;
				COPY_PHASE_STRIP = NO;
				DEBUG_INFORMATION_FORMAT = dwarf;
				ENABLE_STRICT_OBJC_MSGSEND = YES;
				ENABLE_TESTABILITY = YES;
				GCC_C_LANGUAGE_STANDARD = gnu11;
				GCC_DYNAMIC_NO_PIC = NO;
				GCC_NO_COMMON_BLOCKS = YES;
				GCC_OPTIMIZATION_LEVEL = 0;
				GCC_PREPROCESSOR_DEFINITIONS = (
					"DEBUG=1",
					"$(inherited)",
				);
				GCC_WARN_64_TO_32_BIT_CONVERSION = YES;
				GCC_WARN_ABOUT_RETURN_TYPE = YES_ERROR;
				GCC_WARN_UNDECLARED_SELECTOR = YES;
				GCC_WARN_UNINITIALIZED_AUTOS = YES_AGGRESSIVE;
				GCC_WARN_UNUSED_FUNCTION = YES;
				GCC_WARN_UNUSED_VARIABLE = YES;
				IPHONEOS_DEPLOYMENT_TARGET = 14.1;
				MTL_ENABLE_DEBUG_INFO = INCLUDE_SOURCE;
				MTL_FAST_MATH = YES;
				ONLY_ACTIVE_ARCH = YES;
				SDKROOT = iphoneos;
			};
			name = Debug;
		};
		F931B31F254D536600C215A5 /* Release */ = {
			isa = XCBuildConfiguration;
			buildSettings = {
				ALWAYS_SEARCH_USER_PATHS = NO;
				CLANG_ANALYZER_NONNULL = YES;
				CLANG_ANALYZER_NUMBER_OBJECT_CONVERSION = YES_AGGRESSIVE;
				CLANG_CXX_LANGUAGE_STANDARD = "gnu++14";
				CLANG_CXX_LIBRARY = "libc++";
				CLANG_ENABLE_MODULES = YES;
				CLANG_ENABLE_OBJC_ARC = YES;
				CLANG_ENABLE_OBJC_WEAK = YES;
				CLANG_WARN_BLOCK_CAPTURE_AUTORELEASING = YES;
				CLANG_WARN_BOOL_CONVERSION = YES;
				CLANG_WARN_COMMA = YES;
				CLANG_WARN_CONSTANT_CONVERSION = YES;
				CLANG_WARN_DEPRECATED_OBJC_IMPLEMENTATIONS = YES;
				CLANG_WARN_DIRECT_OBJC_ISA_USAGE = YES_ERROR;
				CLANG_WARN_DOCUMENTATION_COMMENTS = YES;
				CLANG_WARN_EMPTY_BODY = YES;
				CLANG_WARN_ENUM_CONVERSION = YES;
				CLANG_WARN_INFINITE_RECURSION = YES;
				CLANG_WARN_INT_CONVERSION = YES;
				CLANG_WARN_NON_LITERAL_NULL_CONVERSION = YES;
				CLANG_WARN_OBJC_IMPLICIT_RETAIN_SELF = YES;
				CLANG_WARN_OBJC_LITERAL_CONVERSION = YES;
				CLANG_WARN_OBJC_ROOT_CLASS = YES_ERROR;
				CLANG_WARN_QUOTED_INCLUDE_IN_FRAMEWORK_HEADER = YES;
				CLANG_WARN_RANGE_LOOP_ANALYSIS = YES;
				CLANG_WARN_STRICT_PROTOTYPES = YES;
				CLANG_WARN_SUSPICIOUS_MOVE = YES;
				CLANG_WARN_UNGUARDED_AVAILABILITY = YES_AGGRESSIVE;
				CLANG_WARN_UNREACHABLE_CODE = YES;
				CLANG_WARN__DUPLICATE_METHOD_MATCH = YES;
				COPY_PHASE_STRIP = NO;
				DEBUG_INFORMATION_FORMAT = "dwarf-with-dsym";
				ENABLE_NS_ASSERTIONS = NO;
				ENABLE_STRICT_OBJC_MSGSEND = YES;
				GCC_C_LANGUAGE_STANDARD = gnu11;
				GCC_NO_COMMON_BLOCKS = YES;
				GCC_WARN_64_TO_32_BIT_CONVERSION = YES;
				GCC_WARN_ABOUT_RETURN_TYPE = YES_ERROR;
				GCC_WARN_UNDECLARED_SELECTOR = YES;
				GCC_WARN_UNINITIALIZED_AUTOS = YES_AGGRESSIVE;
				GCC_WARN_UNUSED_FUNCTION = YES;
				GCC_WARN_UNUSED_VARIABLE = YES;
				IPHONEOS_DEPLOYMENT_TARGET = 14.1;
				MTL_ENABLE_DEBUG_INFO = NO;
				MTL_FAST_MATH = YES;
				SDKROOT = iphoneos;
				VALIDATE_PRODUCT = YES;
			};
			name = Release;
		};
		F931B321254D536600C215A5 /* Debug */ = {
			isa = XCBuildConfiguration;
			baseConfigurationReference = 6988A08CB8E3BD7D5E12A392 /* Pods-RACPlayground.debug.xcconfig */;
			buildSettings = {
				ASSETCATALOG_COMPILER_APPICON_NAME = AppIcon;
				ASSETCATALOG_COMPILER_GLOBAL_ACCENT_COLOR_NAME = AccentColor;
				CODE_SIGN_STYLE = Automatic;
				INFOPLIST_FILE = RACPlayground/Info.plist;
				LD_RUNPATH_SEARCH_PATHS = (
					"$(inherited)",
					"@executable_path/Frameworks",
				);
				PRODUCT_BUNDLE_IDENTIFIER = com.hsg.iTBoyer.RACPlayground;
				PRODUCT_NAME = "$(TARGET_NAME)";
				TARGETED_DEVICE_FAMILY = "1,2";
			};
			name = Debug;
		};
		F931B322254D536600C215A5 /* Release */ = {
			isa = XCBuildConfiguration;
			baseConfigurationReference = 354F0A6A76096047F3D31FB7 /* Pods-RACPlayground.release.xcconfig */;
			buildSettings = {
				ASSETCATALOG_COMPILER_APPICON_NAME = AppIcon;
				ASSETCATALOG_COMPILER_GLOBAL_ACCENT_COLOR_NAME = AccentColor;
				CODE_SIGN_STYLE = Automatic;
				INFOPLIST_FILE = RACPlayground/Info.plist;
				LD_RUNPATH_SEARCH_PATHS = (
					"$(inherited)",
					"@executable_path/Frameworks",
				);
				PRODUCT_BUNDLE_IDENTIFIER = com.hsg.iTBoyer.RACPlayground;
				PRODUCT_NAME = "$(TARGET_NAME)";
				TARGETED_DEVICE_FAMILY = "1,2";
			};
			name = Release;
		};
		F931B324254D536600C215A5 /* Debug */ = {
			isa = XCBuildConfiguration;
			baseConfigurationReference = F71421B6B7F62E21FFFB81CA /* Pods-RACPlaygroundTests.debug.xcconfig */;
			buildSettings = {
				BUNDLE_LOADER = "$(TEST_HOST)";
				CODE_SIGN_STYLE = Automatic;
				INFOPLIST_FILE = RACPlaygroundTests/Info.plist;
				IPHONEOS_DEPLOYMENT_TARGET = 14.1;
				LD_RUNPATH_SEARCH_PATHS = (
					"$(inherited)",
					"@executable_path/Frameworks",
					"@loader_path/Frameworks",
				);
				PRODUCT_BUNDLE_IDENTIFIER = com.hsg.iTBoyer.RACPlaygroundTests;
				PRODUCT_NAME = "$(TARGET_NAME)";
				TARGETED_DEVICE_FAMILY = "1,2";
				TEST_HOST = "$(BUILT_PRODUCTS_DIR)/RACPlayground.app/RACPlayground";
			};
			name = Debug;
		};
		F931B325254D536600C215A5 /* Release */ = {
			isa = XCBuildConfiguration;
			baseConfigurationReference = 311C471DDC90726598C32302 /* Pods-RACPlaygroundTests.release.xcconfig */;
			buildSettings = {
				BUNDLE_LOADER = "$(TEST_HOST)";
				CODE_SIGN_STYLE = Automatic;
				INFOPLIST_FILE = RACPlaygroundTests/Info.plist;
				IPHONEOS_DEPLOYMENT_TARGET = 14.1;
				LD_RUNPATH_SEARCH_PATHS = (
					"$(inherited)",
					"@executable_path/Frameworks",
					"@loader_path/Frameworks",
				);
				PRODUCT_BUNDLE_IDENTIFIER = com.hsg.iTBoyer.RACPlaygroundTests;
				PRODUCT_NAME = "$(TARGET_NAME)";
				TARGETED_DEVICE_FAMILY = "1,2";
				TEST_HOST = "$(BUILT_PRODUCTS_DIR)/RACPlayground.app/RACPlayground";
			};
			name = Release;
		};
		F931B327254D536600C215A5 /* Debug */ = {
			isa = XCBuildConfiguration;
			baseConfigurationReference = 594FA77A084CBF7706DCF6D8 /* Pods-RACPlayground-RACPlaygroundUITests.debug.xcconfig */;
			buildSettings = {
				CODE_SIGN_STYLE = Automatic;
				INFOPLIST_FILE = RACPlaygroundUITests/Info.plist;
				LD_RUNPATH_SEARCH_PATHS = (
					"$(inherited)",
					"@executable_path/Frameworks",
					"@loader_path/Frameworks",
				);
				PRODUCT_BUNDLE_IDENTIFIER = com.hsg.iTBoyer.RACPlaygroundUITests;
				PRODUCT_NAME = "$(TARGET_NAME)";
				TARGETED_DEVICE_FAMILY = "1,2";
				TEST_TARGET_NAME = RACPlayground;
			};
			name = Debug;
		};
		F931B328254D536600C215A5 /* Release */ = {
			isa = XCBuildConfiguration;
			baseConfigurationReference = 8CD4BE180060B6BB2FC51825 /* Pods-RACPlayground-RACPlaygroundUITests.release.xcconfig */;
			buildSettings = {
				CODE_SIGN_STYLE = Automatic;
				INFOPLIST_FILE = RACPlaygroundUITests/Info.plist;
				LD_RUNPATH_SEARCH_PATHS = (
					"$(inherited)",
					"@executable_path/Frameworks",
					"@loader_path/Frameworks",
				);
				PRODUCT_BUNDLE_IDENTIFIER = com.hsg.iTBoyer.RACPlaygroundUITests;
				PRODUCT_NAME = "$(TARGET_NAME)";
				TARGETED_DEVICE_FAMILY = "1,2";
				TEST_TARGET_NAME = RACPlayground;
			};
			name = Release;
		};
/* End XCBuildConfiguration section */

/* Begin XCConfigurationList section */
		F931B2EC254D536300C215A5 /* Build configuration list for PBXProject "RACPlayground" */ = {
			isa = XCConfigurationList;
			buildConfigurations = (
				F931B31E254D536600C215A5 /* Debug */,
				F931B31F254D536600C215A5 /* Release */,
			);
			defaultConfigurationIsVisible = 0;
			defaultConfigurationName = Release;
		};
		F931B320254D536600C215A5 /* Build configuration list for PBXNativeTarget "RACPlayground" */ = {
			isa = XCConfigurationList;
			buildConfigurations = (
				F931B321254D536600C215A5 /* Debug */,
				F931B322254D536600C215A5 /* Release */,
			);
			defaultConfigurationIsVisible = 0;
			defaultConfigurationName = Release;
		};
		F931B323254D536600C215A5 /* Build configuration list for PBXNativeTarget "RACPlaygroundTests" */ = {
			isa = XCConfigurationList;
			buildConfigurations = (
				F931B324254D536600C215A5 /* Debug */,
				F931B325254D536600C215A5 /* Release */,
			);
			defaultConfigurationIsVisible = 0;
			defaultConfigurationName = Release;
		};
		F931B326254D536600C215A5 /* Build configuration list for PBXNativeTarget "RACPlaygroundUITests" */ = {
			isa = XCConfigurationList;
			buildConfigurations = (
				F931B327254D536600C215A5 /* Debug */,
				F931B328254D536600C215A5 /* Release */,
			);
			defaultConfigurationIsVisible = 0;
			defaultConfigurationName = Release;
		};
/* End XCConfigurationList section */
	};
	rootObject = F931B2E9254D536300C215A5 /* Project object */;
}
