// !$*UTF8*$!
{
	archiveVersion = 1;
	classes = {
	};
	objectVersion = 51;
	objects = {

/* Begin PBXBuildFile section */
		2DB9C66680B3AF6CD25DD96E /* Pods_RACPlayground.framework in Frameworks */ = {isa = PBXBuildFile; fileRef = DE62FBD2015793094458632A /* Pods_RACPlayground.framework */; };
		9B1408D0CD26ACCD5B75970D /* Pods_RACPlaygroundTests.framework in Frameworks */ = {isa = PBXBuildFile; fileRef = 377E9F45060BD0B8337CA46A /* Pods_RACPlaygroundTests.framework */; };
		A48844BF25602BE5002FACC8 /* RACSetViewModel.m in Sources */ = {isa = PBXBuildFile; fileRef = A48844B825602BE5002FACC8 /* RACSetViewModel.m */; };
		A48844C025602BE5002FACC8 /* RACSetViewController.m in Sources */ = {isa = PBXBuildFile; fileRef = A48844BD25602BE5002FACC8 /* RACSetViewController.m */; };
		A48844C32561786C002FACC8 /* PublicApiService.m in Sources */ = {isa = PBXBuildFile; fileRef = A48844C22561786C002FACC8 /* PublicApiService.m */; };
		A48844C725617B5D002FACC8 /* RACDogModel.m in Sources */ = {isa = PBXBuildFile; fileRef = A48844C625617B5D002FACC8 /* RACDogModel.m */; };
		A48844CB2561803F002FACC8 /* RACDogItem.m in Sources */ = {isa = PBXBuildFile; fileRef = A48844CA2561803F002FACC8 /* RACDogItem.m */; };
		A48844CF256180C5002FACC8 /* RACDogProvider.m in Sources */ = {isa = PBXBuildFile; fileRef = A48844CE256180C5002FACC8 /* RACDogProvider.m */; };
		C51F55DB011874BF2A917DA2 /* Pods_RACPlayground_RACPlaygroundUITests.framework in Frameworks */ = {isa = PBXBuildFile; fileRef = 7D44F8D15B6C0284D4E5AE8A /* Pods_RACPlayground_RACPlaygroundUITests.framework */; };
		F9237BF425590F140059AAF8 /* Login.json in Resources */ = {isa = PBXBuildFile; fileRef = F9237BF325590F140059AAF8 /* Login.json */; };
		F931B2FF254D536300C215A5 /* Main.storyboard in Resources */ = {isa = PBXBuildFile; fileRef = F931B2FD254D536300C215A5 /* Main.storyboard */; };
		F931B301254D536600C215A5 /* Assets.xcassets in Resources */ = {isa = PBXBuildFile; fileRef = F931B300254D536600C215A5 /* Assets.xcassets */; };
		F931B304254D536600C215A5 /* LaunchScreen.storyboard in Resources */ = {isa = PBXBuildFile; fileRef = F931B302254D536600C215A5 /* LaunchScreen.storyboard */; };
		F931B311254D536600C215A5 /* RACPlaygroundTests.m in Sources */ = {isa = PBXBuildFile; fileRef = F931B310254D536600C215A5 /* RACPlaygroundTests.m */; };
		F931B31C254D536600C215A5 /* RACPlaygroundUITests.m in Sources */ = {isa = PBXBuildFile; fileRef = F931B31B254D536600C215A5 /* RACPlaygroundUITests.m */; };
		F931B33B254D542A00C215A5 /* kitten.jpg in Resources */ = {isa = PBXBuildFile; fileRef = F931B33A254D542A00C215A5 /* kitten.jpg */; };
		F931B348254D558300C215A5 /* Pods_RACPlayground.framework in Embed Frameworks */ = {isa = PBXBuildFile; fileRef = 1489E75787D5D8C9029B0004 /* Pods_RACPlayground.framework */; settings = {ATTRIBUTES = (RemoveHeadersOnCopy, ); }; };
		F937E6332558DBBE0066160B /* RACQuickTests.m in Sources */ = {isa = PBXBuildFile; fileRef = F937E6322558DBBE0066160B /* RACQuickTests.m */; };
		F937EBD62558EB930066160B /* RACViewController.m in Sources */ = {isa = PBXBuildFile; fileRef = F937EB662558EB930066160B /* RACViewController.m */; };
		F937EBD72558EB930066160B /* RWViewController.m in Sources */ = {isa = PBXBuildFile; fileRef = F937EB672558EB930066160B /* RWViewController.m */; };
		F937EBDC2558EB930066160B /* UIColor+Translate.m in Sources */ = {isa = PBXBuildFile; fileRef = F937EB792558EB930066160B /* UIColor+Translate.m */; };
		F937EBDD2558EB930066160B /* UIView+Ext.m in Sources */ = {isa = PBXBuildFile; fileRef = F937EB7A2558EB930066160B /* UIView+Ext.m */; };
		F937EBDE2558EB930066160B /* UIImage+ResizeImage.m in Sources */ = {isa = PBXBuildFile; fileRef = F937EB7B2558EB930066160B /* UIImage+ResizeImage.m */; };
		F937EBDF2558EB930066160B /* UIImage+Util.m in Sources */ = {isa = PBXBuildFile; fileRef = F937EB7E2558EB930066160B /* UIImage+Util.m */; };
		F937EBE02558EB930066160B /* UINavigationBar+FixedPosition.m in Sources */ = {isa = PBXBuildFile; fileRef = F937EB7F2558EB930066160B /* UINavigationBar+FixedPosition.m */; };
		F937EBE12558EB930066160B /* UIView+parentVC.m in Sources */ = {isa = PBXBuildFile; fileRef = F937EB802558EB930066160B /* UIView+parentVC.m */; };
		F937EBE22558EB930066160B /* UIViewController+topmost.m in Sources */ = {isa = PBXBuildFile; fileRef = F937EB812558EB930066160B /* UIViewController+topmost.m */; };
		F937EBE32558EB930066160B /* UIView+WaterMark.m in Sources */ = {isa = PBXBuildFile; fileRef = F937EB842558EB930066160B /* UIView+WaterMark.m */; };
		F937EBE42558EB930066160B /* UIButton+Ext.m in Sources */ = {isa = PBXBuildFile; fileRef = F937EB862558EB930066160B /* UIButton+Ext.m */; };
		F937EBE52558EB930066160B /* RWDummySignInService.m in Sources */ = {isa = PBXBuildFile; fileRef = F937EB892558EB930066160B /* RWDummySignInService.m */; };
		F937EBE62558EB930066160B /* LegoNavigationController.m in Sources */ = {isa = PBXBuildFile; fileRef = F937EB8B2558EB930066160B /* LegoNavigationController.m */; };
		F937EBF02558EB930066160B /* main.m in Sources */ = {isa = PBXBuildFile; fileRef = F937EBA22558EB930066160B /* main.m */; };
		F937EBF12558EB930066160B /* AppDelegate.m in Sources */ = {isa = PBXBuildFile; fileRef = F937EBA32558EB930066160B /* AppDelegate.m */; };
		F937EBF22558EB930066160B /* HomeDataManager.m in Sources */ = {isa = PBXBuildFile; fileRef = F937EBAF2558EB930066160B /* HomeDataManager.m */; };
		F937EBF32558EB930066160B /* HomeInteractor.m in Sources */ = {isa = PBXBuildFile; fileRef = F937EBB32558EB930066160B /* HomeInteractor.m */; };
		F937EBF42558EB930066160B /* HomePresenter.m in Sources */ = {isa = PBXBuildFile; fileRef = F937EBB72558EB930066160B /* HomePresenter.m */; };
		F937EBF52558EB930066160B /* HomeRouting.m in Sources */ = {isa = PBXBuildFile; fileRef = F937EBB92558EB930066160B /* HomeRouting.m */; };
		F937EBF62558EB930066160B /* HomeActivity.m in Sources */ = {isa = PBXBuildFile; fileRef = F937EBBC2558EB930066160B /* HomeActivity.m */; };
		F937EBF72558EB930066160B /* LoginDataManager.m in Sources */ = {isa = PBXBuildFile; fileRef = F937EBC72558EB930066160B /* LoginDataManager.m */; };
		F937EBF82558EB930066160B /* LoginInteractor.m in Sources */ = {isa = PBXBuildFile; fileRef = F937EBCB2558EB930066160B /* LoginInteractor.m */; };
		F937EBF92558EB930066160B /* LoginPresenter.m in Sources */ = {isa = PBXBuildFile; fileRef = F937EBCE2558EB930066160B /* LoginPresenter.m */; };
		F937EBFA2558EB930066160B /* LoginRouting.m in Sources */ = {isa = PBXBuildFile; fileRef = F937EBD22558EB930066160B /* LoginRouting.m */; };
		F937EBFB2558EB930066160B /* LoginActivity.m in Sources */ = {isa = PBXBuildFile; fileRef = F937EBD42558EB930066160B /* LoginActivity.m */; };
		F937EC252558F0D30066160B /* RACHttpRequest.m in Sources */ = {isa = PBXBuildFile; fileRef = F937EC242558F0D30066160B /* RACHttpRequest.m */; };
		F9D291B1255AAAB30023E5A7 /* RACRegisterViewModel.m in Sources */ = {isa = PBXBuildFile; fileRef = F9D291AA255AAAB30023E5A7 /* RACRegisterViewModel.m */; };
		F9D291B2255AAAB30023E5A7 /* RACRegisterViewController.m in Sources */ = {isa = PBXBuildFile; fileRef = F9D291AF255AAAB30023E5A7 /* RACRegisterViewController.m */; };
/* End PBXBuildFile section */

/* Begin PBXContainerItemProxy section */
		F931B30D254D536600C215A5 /* PBXContainerItemProxy */ = {
			isa = PBXContainerItemProxy;
			containerPortal = F931B2E9254D536300C215A5 /* Project object */;
			proxyType = 1;
			remoteGlobalIDString = F931B2F0254D536300C215A5;
			remoteInfo = RACPlayground;
		};
		F931B318254D536600C215A5 /* PBXContainerItemProxy */ = {
			isa = PBXContainerItemProxy;
			containerPortal = F931B2E9254D536300C215A5 /* Project object */;
			proxyType = 1;
			remoteGlobalIDString = F931B2F0254D536300C215A5;
			remoteInfo = RACPlayground;
		};
/* End PBXContainerItemProxy section */

/* Begin PBXCopyFilesBuildPhase section */
		F931B349254D558300C215A5 /* Embed Frameworks */ = {
			isa = PBXCopyFilesBuildPhase;
			buildActionMask = 2147483647;
			dstPath = "";
			dstSubfolderSpec = 10;
			files = (
				F931B348254D558300C215A5 /* Pods_RACPlayground.framework in Embed Frameworks */,
			);
			name = "Embed Frameworks";
			runOnlyForDeploymentPostprocessing = 0;
		};
/* End PBXCopyFilesBuildPhase section */

/* Begin PBXFileReference section */
		1489E75787D5D8C9029B0004 /* Pods_RACPlayground.framework */ = {isa = PBXFileReference; explicitFileType = wrapper.framework; includeInIndex = 0; path = Pods_RACPlayground.framework; sourceTree = BUILT_PRODUCTS_DIR; };
		354F0A6A76096047F3D31FB7 /* Pods-RACPlayground.release.xcconfig */ = {isa = PBXFileReference; includeInIndex = 1; lastKnownFileType = text.xcconfig; name = "Pods-RACPlayground.release.xcconfig"; path = "Target Support Files/Pods-RACPlayground/Pods-RACPlayground.release.xcconfig"; sourceTree = "<group>"; };
		377E9F45060BD0B8337CA46A /* Pods_RACPlaygroundTests.framework */ = {isa = PBXFileReference; explicitFileType = wrapper.framework; includeInIndex = 0; path = Pods_RACPlaygroundTests.framework; sourceTree = BUILT_PRODUCTS_DIR; };
		6988A08CB8E3BD7D5E12A392 /* Pods-RACPlayground.debug.xcconfig */ = {isa = PBXFileReference; includeInIndex = 1; lastKnownFileType = text.xcconfig; name = "Pods-RACPlayground.debug.xcconfig"; path = "Target Support Files/Pods-RACPlayground/Pods-RACPlayground.debug.xcconfig"; sourceTree = "<group>"; };
		7C5A290CC9A757E52BDBA8EE /* Pods-RACPlaygroundTests.debug.xcconfig */ = {isa = PBXFileReference; includeInIndex = 1; lastKnownFileType = text.xcconfig; name = "Pods-RACPlaygroundTests.debug.xcconfig"; path = "Target Support Files/Pods-RACPlaygroundTests/Pods-RACPlaygroundTests.debug.xcconfig"; sourceTree = "<group>"; };
		7D44F8D15B6C0284D4E5AE8A /* Pods_RACPlayground_RACPlaygroundUITests.framework */ = {isa = PBXFileReference; explicitFileType = wrapper.framework; includeInIndex = 0; path = Pods_RACPlayground_RACPlaygroundUITests.framework; sourceTree = BUILT_PRODUCTS_DIR; };
		840DA188EE18EF586CEB0850 /* Pods-RACPlaygroundTests.release.xcconfig */ = {isa = PBXFileReference; includeInIndex = 1; lastKnownFileType = text.xcconfig; name = "Pods-RACPlaygroundTests.release.xcconfig"; path = "Target Support Files/Pods-RACPlaygroundTests/Pods-RACPlaygroundTests.release.xcconfig"; sourceTree = "<group>"; };
		A48844B725602BE5002FACC8 /* RACSetViewModel.h */ = {isa = PBXFileReference; fileEncoding = 4; lastKnownFileType = sourcecode.c.h; path = RACSetViewModel.h; sourceTree = "<group>"; };
		A48844B825602BE5002FACC8 /* RACSetViewModel.m */ = {isa = PBXFileReference; fileEncoding = 4; lastKnownFileType = sourcecode.c.objc; path = RACSetViewModel.m; sourceTree = "<group>"; };
		A48844BA25602BE5002FACC8 /* RACSetDataDriverProtocol.h */ = {isa = PBXFileReference; fileEncoding = 4; lastKnownFileType = sourcecode.c.h; path = RACSetDataDriverProtocol.h; sourceTree = "<group>"; };
		A48844BB25602BE5002FACC8 /* RACSetViewProtocol.h */ = {isa = PBXFileReference; fileEncoding = 4; lastKnownFileType = sourcecode.c.h; path = RACSetViewProtocol.h; sourceTree = "<group>"; };
		A48844BD25602BE5002FACC8 /* RACSetViewController.m */ = {isa = PBXFileReference; fileEncoding = 4; lastKnownFileType = sourcecode.c.objc; path = RACSetViewController.m; sourceTree = "<group>"; };
		A48844BE25602BE5002FACC8 /* RACSetViewController.h */ = {isa = PBXFileReference; fileEncoding = 4; lastKnownFileType = sourcecode.c.h; path = RACSetViewController.h; sourceTree = "<group>"; };
		A48844C12561786C002FACC8 /* PublicApiService.h */ = {isa = PBXFileReference; lastKnownFileType = sourcecode.c.h; path = PublicApiService.h; sourceTree = "<group>"; };
		A48844C22561786C002FACC8 /* PublicApiService.m */ = {isa = PBXFileReference; lastKnownFileType = sourcecode.c.objc; path = PublicApiService.m; sourceTree = "<group>"; };
		A48844C525617B5D002FACC8 /* RACDogModel.h */ = {isa = PBXFileReference; lastKnownFileType = sourcecode.c.h; path = RACDogModel.h; sourceTree = "<group>"; };
		A48844C625617B5D002FACC8 /* RACDogModel.m */ = {isa = PBXFileReference; lastKnownFileType = sourcecode.c.objc; path = RACDogModel.m; sourceTree = "<group>"; };
		A48844C92561803F002FACC8 /* RACDogItem.h */ = {isa = PBXFileReference; lastKnownFileType = sourcecode.c.h; path = RACDogItem.h; sourceTree = "<group>"; };
		A48844CA2561803F002FACC8 /* RACDogItem.m */ = {isa = PBXFileReference; lastKnownFileType = sourcecode.c.objc; path = RACDogItem.m; sourceTree = "<group>"; };
		A48844CD256180C5002FACC8 /* RACDogProvider.h */ = {isa = PBXFileReference; lastKnownFileType = sourcecode.c.h; path = RACDogProvider.h; sourceTree = "<group>"; };
		A48844CE256180C5002FACC8 /* RACDogProvider.m */ = {isa = PBXFileReference; lastKnownFileType = sourcecode.c.objc; path = RACDogProvider.m; sourceTree = "<group>"; };
		C32C0467F5881C5E1510E901 /* Pods-RACPlayground-RACPlaygroundUITests.release.xcconfig */ = {isa = PBXFileReference; includeInIndex = 1; lastKnownFileType = text.xcconfig; name = "Pods-RACPlayground-RACPlaygroundUITests.release.xcconfig"; path = "Target Support Files/Pods-RACPlayground-RACPlaygroundUITests/Pods-RACPlayground-RACPlaygroundUITests.release.xcconfig"; sourceTree = "<group>"; };
		D9095B13F6631DAC286A8C19 /* Pods-RACPlayground-RACPlaygroundUITests.debug.xcconfig */ = {isa = PBXFileReference; includeInIndex = 1; lastKnownFileType = text.xcconfig; name = "Pods-RACPlayground-RACPlaygroundUITests.debug.xcconfig"; path = "Target Support Files/Pods-RACPlayground-RACPlaygroundUITests/Pods-RACPlayground-RACPlaygroundUITests.debug.xcconfig"; sourceTree = "<group>"; };
		DE62FBD2015793094458632A /* Pods_RACPlayground.framework */ = {isa = PBXFileReference; explicitFileType = wrapper.framework; includeInIndex = 0; path = Pods_RACPlayground.framework; sourceTree = BUILT_PRODUCTS_DIR; };
		F9237BF325590F140059AAF8 /* Login.json */ = {isa = PBXFileReference; lastKnownFileType = text.json; path = Login.json; sourceTree = "<group>"; };
		F931B2F1254D536300C215A5 /* RACPlayground.app */ = {isa = PBXFileReference; explicitFileType = wrapper.application; includeInIndex = 0; path = RACPlayground.app; sourceTree = BUILT_PRODUCTS_DIR; };
		F931B2FE254D536300C215A5 /* Base */ = {isa = PBXFileReference; lastKnownFileType = file.storyboard; name = Base; path = Base.lproj/Main.storyboard; sourceTree = "<group>"; };
		F931B300254D536600C215A5 /* Assets.xcassets */ = {isa = PBXFileReference; lastKnownFileType = folder.assetcatalog; path = Assets.xcassets; sourceTree = "<group>"; };
		F931B303254D536600C215A5 /* Base */ = {isa = PBXFileReference; lastKnownFileType = file.storyboard; name = Base; path = Base.lproj/LaunchScreen.storyboard; sourceTree = "<group>"; };
		F931B305254D536600C215A5 /* Info.plist */ = {isa = PBXFileReference; lastKnownFileType = text.plist.xml; path = Info.plist; sourceTree = "<group>"; };
		F931B30C254D536600C215A5 /* RACPlaygroundTests.xctest */ = {isa = PBXFileReference; explicitFileType = wrapper.cfbundle; includeInIndex = 0; path = RACPlaygroundTests.xctest; sourceTree = BUILT_PRODUCTS_DIR; };
		F931B310254D536600C215A5 /* RACPlaygroundTests.m */ = {isa = PBXFileReference; lastKnownFileType = sourcecode.c.objc; path = RACPlaygroundTests.m; sourceTree = "<group>"; };
		F931B312254D536600C215A5 /* Info.plist */ = {isa = PBXFileReference; lastKnownFileType = text.plist.xml; path = Info.plist; sourceTree = "<group>"; };
		F931B317254D536600C215A5 /* RACPlaygroundUITests.xctest */ = {isa = PBXFileReference; explicitFileType = wrapper.cfbundle; includeInIndex = 0; path = RACPlaygroundUITests.xctest; sourceTree = BUILT_PRODUCTS_DIR; };
		F931B31B254D536600C215A5 /* RACPlaygroundUITests.m */ = {isa = PBXFileReference; lastKnownFileType = sourcecode.c.objc; path = RACPlaygroundUITests.m; sourceTree = "<group>"; };
		F931B31D254D536600C215A5 /* Info.plist */ = {isa = PBXFileReference; lastKnownFileType = text.plist.xml; path = Info.plist; sourceTree = "<group>"; };
		F931B33A254D542A00C215A5 /* kitten.jpg */ = {isa = PBXFileReference; lastKnownFileType = image.jpeg; path = kitten.jpg; sourceTree = "<group>"; };
		F931B4F4254D5D4900C215A5 /* README.md */ = {isa = PBXFileReference; lastKnownFileType = net.daringfireball.markdown; path = README.md; sourceTree = "<group>"; };
		F937E6322558DBBE0066160B /* RACQuickTests.m */ = {isa = PBXFileReference; lastKnownFileType = sourcecode.c.objc; path = RACQuickTests.m; sourceTree = "<group>"; };
		F937EB652558EB930066160B /* RWViewController.h */ = {isa = PBXFileReference; fileEncoding = 4; lastKnownFileType = sourcecode.c.h; path = RWViewController.h; sourceTree = "<group>"; };
		F937EB662558EB930066160B /* RACViewController.m */ = {isa = PBXFileReference; fileEncoding = 4; lastKnownFileType = sourcecode.c.objc; path = RACViewController.m; sourceTree = "<group>"; };
		F937EB672558EB930066160B /* RWViewController.m */ = {isa = PBXFileReference; fileEncoding = 4; lastKnownFileType = sourcecode.c.objc; path = RWViewController.m; sourceTree = "<group>"; };
		F937EB682558EB930066160B /* RACViewController.h */ = {isa = PBXFileReference; fileEncoding = 4; lastKnownFileType = sourcecode.c.h; path = RACViewController.h; sourceTree = "<group>"; };
		F937EB6C2558EB930066160B /* README.md */ = {isa = PBXFileReference; fileEncoding = 4; lastKnownFileType = net.daringfireball.markdown; path = README.md; sourceTree = "<group>"; };
		F937EB6E2558EB930066160B /* README.md */ = {isa = PBXFileReference; fileEncoding = 4; lastKnownFileType = net.daringfireball.markdown; path = README.md; sourceTree = "<group>"; };
		F937EB702558EB930066160B /* README.md */ = {isa = PBXFileReference; fileEncoding = 4; lastKnownFileType = net.daringfireball.markdown; path = README.md; sourceTree = "<group>"; };
		F937EB722558EB930066160B /* README.md */ = {isa = PBXFileReference; fileEncoding = 4; lastKnownFileType = net.daringfireball.markdown; path = README.md; sourceTree = "<group>"; };
		F937EB752558EB930066160B /* UIView+parentVC.h */ = {isa = PBXFileReference; fileEncoding = 4; lastKnownFileType = sourcecode.c.h; path = "UIView+parentVC.h"; sourceTree = "<group>"; };
		F937EB762558EB930066160B /* UINavigationBar+FixedPosition.h */ = {isa = PBXFileReference; fileEncoding = 4; lastKnownFileType = sourcecode.c.h; path = "UINavigationBar+FixedPosition.h"; sourceTree = "<group>"; };
		F937EB772558EB930066160B /* UIImage+Util.h */ = {isa = PBXFileReference; fileEncoding = 4; lastKnownFileType = sourcecode.c.h; path = "UIImage+Util.h"; sourceTree = "<group>"; };
		F937EB782558EB930066160B /* UIView+WaterMark.h */ = {isa = PBXFileReference; fileEncoding = 4; lastKnownFileType = sourcecode.c.h; path = "UIView+WaterMark.h"; sourceTree = "<group>"; };
		F937EB792558EB930066160B /* UIColor+Translate.m */ = {isa = PBXFileReference; fileEncoding = 4; lastKnownFileType = sourcecode.c.objc; path = "UIColor+Translate.m"; sourceTree = "<group>"; };
		F937EB7A2558EB930066160B /* UIView+Ext.m */ = {isa = PBXFileReference; fileEncoding = 4; lastKnownFileType = sourcecode.c.objc; path = "UIView+Ext.m"; sourceTree = "<group>"; };
		F937EB7B2558EB930066160B /* UIImage+ResizeImage.m */ = {isa = PBXFileReference; fileEncoding = 4; lastKnownFileType = sourcecode.c.objc; path = "UIImage+ResizeImage.m"; sourceTree = "<group>"; };
		F937EB7C2558EB930066160B /* UIViewController+topmost.h */ = {isa = PBXFileReference; fileEncoding = 4; lastKnownFileType = sourcecode.c.h; path = "UIViewController+topmost.h"; sourceTree = "<group>"; };
		F937EB7D2558EB930066160B /* UIButton+Ext.h */ = {isa = PBXFileReference; fileEncoding = 4; lastKnownFileType = sourcecode.c.h; path = "UIButton+Ext.h"; sourceTree = "<group>"; };
		F937EB7E2558EB930066160B /* UIImage+Util.m */ = {isa = PBXFileReference; fileEncoding = 4; lastKnownFileType = sourcecode.c.objc; path = "UIImage+Util.m"; sourceTree = "<group>"; };
		F937EB7F2558EB930066160B /* UINavigationBar+FixedPosition.m */ = {isa = PBXFileReference; fileEncoding = 4; lastKnownFileType = sourcecode.c.objc; path = "UINavigationBar+FixedPosition.m"; sourceTree = "<group>"; };
		F937EB802558EB930066160B /* UIView+parentVC.m */ = {isa = PBXFileReference; fileEncoding = 4; lastKnownFileType = sourcecode.c.objc; path = "UIView+parentVC.m"; sourceTree = "<group>"; };
		F937EB812558EB930066160B /* UIViewController+topmost.m */ = {isa = PBXFileReference; fileEncoding = 4; lastKnownFileType = sourcecode.c.objc; path = "UIViewController+topmost.m"; sourceTree = "<group>"; };
		F937EB822558EB930066160B /* UIImage+ResizeImage.h */ = {isa = PBXFileReference; fileEncoding = 4; lastKnownFileType = sourcecode.c.h; path = "UIImage+ResizeImage.h"; sourceTree = "<group>"; };
		F937EB832558EB930066160B /* UIView+Ext.h */ = {isa = PBXFileReference; fileEncoding = 4; lastKnownFileType = sourcecode.c.h; path = "UIView+Ext.h"; sourceTree = "<group>"; };
		F937EB842558EB930066160B /* UIView+WaterMark.m */ = {isa = PBXFileReference; fileEncoding = 4; lastKnownFileType = sourcecode.c.objc; path = "UIView+WaterMark.m"; sourceTree = "<group>"; };
		F937EB852558EB930066160B /* UIColor+Translate.h */ = {isa = PBXFileReference; fileEncoding = 4; lastKnownFileType = sourcecode.c.h; path = "UIColor+Translate.h"; sourceTree = "<group>"; };
		F937EB862558EB930066160B /* UIButton+Ext.m */ = {isa = PBXFileReference; fileEncoding = 4; lastKnownFileType = sourcecode.c.objc; path = "UIButton+Ext.m"; sourceTree = "<group>"; };
		F937EB882558EB930066160B /* RWDummySignInService.h */ = {isa = PBXFileReference; fileEncoding = 4; lastKnownFileType = sourcecode.c.h; path = RWDummySignInService.h; sourceTree = "<group>"; };
		F937EB892558EB930066160B /* RWDummySignInService.m */ = {isa = PBXFileReference; fileEncoding = 4; lastKnownFileType = sourcecode.c.objc; path = RWDummySignInService.m; sourceTree = "<group>"; };
		F937EB8B2558EB930066160B /* LegoNavigationController.m */ = {isa = PBXFileReference; fileEncoding = 4; lastKnownFileType = sourcecode.c.objc; path = LegoNavigationController.m; sourceTree = "<group>"; };
		F937EB8C2558EB930066160B /* LegoNavigationController.h */ = {isa = PBXFileReference; fileEncoding = 4; lastKnownFileType = sourcecode.c.h; path = LegoNavigationController.h; sourceTree = "<group>"; };
		F937EB8F2558EB930066160B /* README.md */ = {isa = PBXFileReference; fileEncoding = 4; lastKnownFileType = net.daringfireball.markdown; path = README.md; sourceTree = "<group>"; };
		F937EB912558EB930066160B /* README.md */ = {isa = PBXFileReference; fileEncoding = 4; lastKnownFileType = net.daringfireball.markdown; path = README.md; sourceTree = "<group>"; };
		F937EB932558EB930066160B /* README.md */ = {isa = PBXFileReference; fileEncoding = 4; lastKnownFileType = net.daringfireball.markdown; path = README.md; sourceTree = "<group>"; };
		F937EB952558EB930066160B /* README.md */ = {isa = PBXFileReference; fileEncoding = 4; lastKnownFileType = net.daringfireball.markdown; path = README.md; sourceTree = "<group>"; };
		F937EB982558EB930066160B /* README.md */ = {isa = PBXFileReference; fileEncoding = 4; lastKnownFileType = net.daringfireball.markdown; path = README.md; sourceTree = "<group>"; };
		F937EB9A2558EB930066160B /* README.md */ = {isa = PBXFileReference; fileEncoding = 4; lastKnownFileType = net.daringfireball.markdown; path = README.md; sourceTree = "<group>"; };
		F937EB9C2558EB930066160B /* README.md */ = {isa = PBXFileReference; fileEncoding = 4; lastKnownFileType = net.daringfireball.markdown; path = README.md; sourceTree = "<group>"; };
		F937EB9E2558EB930066160B /* README.md */ = {isa = PBXFileReference; fileEncoding = 4; lastKnownFileType = net.daringfireball.markdown; path = README.md; sourceTree = "<group>"; };
		F937EBA02558EB930066160B /* AppDelegate.h */ = {isa = PBXFileReference; fileEncoding = 4; lastKnownFileType = sourcecode.c.h; path = AppDelegate.h; sourceTree = "<group>"; };
		F937EBA12558EB930066160B /* SceneDelegate.m */ = {isa = PBXFileReference; fileEncoding = 4; lastKnownFileType = sourcecode.c.objc; path = SceneDelegate.m; sourceTree = "<group>"; };
		F937EBA22558EB930066160B /* main.m */ = {isa = PBXFileReference; fileEncoding = 4; lastKnownFileType = sourcecode.c.objc; path = main.m; sourceTree = "<group>"; };
		F937EBA32558EB930066160B /* AppDelegate.m */ = {isa = PBXFileReference; fileEncoding = 4; lastKnownFileType = sourcecode.c.objc; path = AppDelegate.m; sourceTree = "<group>"; };
		F937EBA42558EB930066160B /* SceneDelegate.h */ = {isa = PBXFileReference; fileEncoding = 4; lastKnownFileType = sourcecode.c.h; path = SceneDelegate.h; sourceTree = "<group>"; };
		F937EBA82558EB930066160B /* HomeDataManagerPort.h */ = {isa = PBXFileReference; fileEncoding = 4; lastKnownFileType = sourcecode.c.h; path = HomeDataManagerPort.h; sourceTree = "<group>"; };
		F937EBA92558EB930066160B /* HomeWireframePort.h */ = {isa = PBXFileReference; fileEncoding = 4; lastKnownFileType = sourcecode.c.h; path = HomeWireframePort.h; sourceTree = "<group>"; };
		F937EBAA2558EB930066160B /* HomeInteractorPort.h */ = {isa = PBXFileReference; fileEncoding = 4; lastKnownFileType = sourcecode.c.h; path = HomeInteractorPort.h; sourceTree = "<group>"; };
		F937EBAB2558EB930066160B /* HomeEventHandlerPort.h */ = {isa = PBXFileReference; fileEncoding = 4; lastKnownFileType = sourcecode.c.h; path = HomeEventHandlerPort.h; sourceTree = "<group>"; };
		F937EBAC2558EB930066160B /* HomeUserInterfacePort.h */ = {isa = PBXFileReference; fileEncoding = 4; lastKnownFileType = sourcecode.c.h; path = HomeUserInterfacePort.h; sourceTree = "<group>"; };
		F937EBAF2558EB930066160B /* HomeDataManager.m */ = {isa = PBXFileReference; fileEncoding = 4; lastKnownFileType = sourcecode.c.objc; path = HomeDataManager.m; sourceTree = "<group>"; };
		F937EBB02558EB930066160B /* HomeDataManager.h */ = {isa = PBXFileReference; fileEncoding = 4; lastKnownFileType = sourcecode.c.h; path = HomeDataManager.h; sourceTree = "<group>"; };
		F937EBB22558EB930066160B /* HomeInteractor.h */ = {isa = PBXFileReference; fileEncoding = 4; lastKnownFileType = sourcecode.c.h; path = HomeInteractor.h; sourceTree = "<group>"; };
		F937EBB32558EB930066160B /* HomeInteractor.m */ = {isa = PBXFileReference; fileEncoding = 4; lastKnownFileType = sourcecode.c.objc; path = HomeInteractor.m; sourceTree = "<group>"; };
		F937EBB62558EB930066160B /* HomePresenter.h */ = {isa = PBXFileReference; fileEncoding = 4; lastKnownFileType = sourcecode.c.h; path = HomePresenter.h; sourceTree = "<group>"; };
		F937EBB72558EB930066160B /* HomePresenter.m */ = {isa = PBXFileReference; fileEncoding = 4; lastKnownFileType = sourcecode.c.objc; path = HomePresenter.m; sourceTree = "<group>"; };
		F937EBB92558EB930066160B /* HomeRouting.m */ = {isa = PBXFileReference; fileEncoding = 4; lastKnownFileType = sourcecode.c.objc; path = HomeRouting.m; sourceTree = "<group>"; };
		F937EBBA2558EB930066160B /* HomeRouting.h */ = {isa = PBXFileReference; fileEncoding = 4; lastKnownFileType = sourcecode.c.h; path = HomeRouting.h; sourceTree = "<group>"; };
		F937EBBC2558EB930066160B /* HomeActivity.m */ = {isa = PBXFileReference; fileEncoding = 4; lastKnownFileType = sourcecode.c.objc; path = HomeActivity.m; sourceTree = "<group>"; };
		F937EBBD2558EB930066160B /* HomeActivity.h */ = {isa = PBXFileReference; fileEncoding = 4; lastKnownFileType = sourcecode.c.h; path = HomeActivity.h; sourceTree = "<group>"; };
		F937EBC02558EB930066160B /* LoginInteractorPort.h */ = {isa = PBXFileReference; fileEncoding = 4; lastKnownFileType = sourcecode.c.h; path = LoginInteractorPort.h; sourceTree = "<group>"; };
		F937EBC12558EB930066160B /* LoginUserInterfacePort.h */ = {isa = PBXFileReference; fileEncoding = 4; lastKnownFileType = sourcecode.c.h; path = LoginUserInterfacePort.h; sourceTree = "<group>"; };
		F937EBC22558EB930066160B /* LoginWireframePort.h */ = {isa = PBXFileReference; fileEncoding = 4; lastKnownFileType = sourcecode.c.h; path = LoginWireframePort.h; sourceTree = "<group>"; };
		F937EBC32558EB930066160B /* LoginEventHandlerPort.h */ = {isa = PBXFileReference; fileEncoding = 4; lastKnownFileType = sourcecode.c.h; path = LoginEventHandlerPort.h; sourceTree = "<group>"; };
		F937EBC42558EB930066160B /* LoginDataManagerPort.h */ = {isa = PBXFileReference; fileEncoding = 4; lastKnownFileType = sourcecode.c.h; path = LoginDataManagerPort.h; sourceTree = "<group>"; };
		F937EBC72558EB930066160B /* LoginDataManager.m */ = {isa = PBXFileReference; fileEncoding = 4; lastKnownFileType = sourcecode.c.objc; path = LoginDataManager.m; sourceTree = "<group>"; };
		F937EBC82558EB930066160B /* LoginDataManager.h */ = {isa = PBXFileReference; fileEncoding = 4; lastKnownFileType = sourcecode.c.h; path = LoginDataManager.h; sourceTree = "<group>"; };
		F937EBCA2558EB930066160B /* LoginInteractor.h */ = {isa = PBXFileReference; fileEncoding = 4; lastKnownFileType = sourcecode.c.h; path = LoginInteractor.h; sourceTree = "<group>"; };
		F937EBCB2558EB930066160B /* LoginInteractor.m */ = {isa = PBXFileReference; fileEncoding = 4; lastKnownFileType = sourcecode.c.objc; path = LoginInteractor.m; sourceTree = "<group>"; };
		F937EBCE2558EB930066160B /* LoginPresenter.m */ = {isa = PBXFileReference; fileEncoding = 4; lastKnownFileType = sourcecode.c.objc; path = LoginPresenter.m; sourceTree = "<group>"; };
		F937EBCF2558EB930066160B /* LoginPresenter.h */ = {isa = PBXFileReference; fileEncoding = 4; lastKnownFileType = sourcecode.c.h; path = LoginPresenter.h; sourceTree = "<group>"; };
		F937EBD12558EB930066160B /* LoginRouting.h */ = {isa = PBXFileReference; fileEncoding = 4; lastKnownFileType = sourcecode.c.h; path = LoginRouting.h; sourceTree = "<group>"; };
		F937EBD22558EB930066160B /* LoginRouting.m */ = {isa = PBXFileReference; fileEncoding = 4; lastKnownFileType = sourcecode.c.objc; path = LoginRouting.m; sourceTree = "<group>"; };
		F937EBD42558EB930066160B /* LoginActivity.m */ = {isa = PBXFileReference; fileEncoding = 4; lastKnownFileType = sourcecode.c.objc; path = LoginActivity.m; sourceTree = "<group>"; };
		F937EBD52558EB930066160B /* LoginActivity.h */ = {isa = PBXFileReference; fileEncoding = 4; lastKnownFileType = sourcecode.c.h; path = LoginActivity.h; sourceTree = "<group>"; };
		F937EC232558F0D30066160B /* RACHttpRequest.h */ = {isa = PBXFileReference; lastKnownFileType = sourcecode.c.h; path = RACHttpRequest.h; sourceTree = "<group>"; };
		F937EC242558F0D30066160B /* RACHttpRequest.m */ = {isa = PBXFileReference; lastKnownFileType = sourcecode.c.objc; path = RACHttpRequest.m; sourceTree = "<group>"; };
		F978774A254FBBB800B75702 /* PrefixHeader.pch */ = {isa = PBXFileReference; lastKnownFileType = sourcecode.c.h; path = PrefixHeader.pch; sourceTree = "<group>"; };
		F9D291A9255AAAB30023E5A7 /* RACRegisterViewModel.h */ = {isa = PBXFileReference; fileEncoding = 4; lastKnownFileType = sourcecode.c.h; path = RACRegisterViewModel.h; sourceTree = "<group>"; };
		F9D291AA255AAAB30023E5A7 /* RACRegisterViewModel.m */ = {isa = PBXFileReference; fileEncoding = 4; lastKnownFileType = sourcecode.c.objc; path = RACRegisterViewModel.m; sourceTree = "<group>"; };
		F9D291AC255AAAB30023E5A7 /* RACRegisterViewProtocol.h */ = {isa = PBXFileReference; fileEncoding = 4; lastKnownFileType = sourcecode.c.h; path = RACRegisterViewProtocol.h; sourceTree = "<group>"; };
		F9D291AD255AAAB30023E5A7 /* RACRegisterDataDriverProtocol.h */ = {isa = PBXFileReference; fileEncoding = 4; lastKnownFileType = sourcecode.c.h; path = RACRegisterDataDriverProtocol.h; sourceTree = "<group>"; };
		F9D291AF255AAAB30023E5A7 /* RACRegisterViewController.m */ = {isa = PBXFileReference; fileEncoding = 4; lastKnownFileType = sourcecode.c.objc; path = RACRegisterViewController.m; sourceTree = "<group>"; };
		F9D291B0255AAAB30023E5A7 /* RACRegisterViewController.h */ = {isa = PBXFileReference; fileEncoding = 4; lastKnownFileType = sourcecode.c.h; path = RACRegisterViewController.h; sourceTree = "<group>"; };
/* End PBXFileReference section */

/* Begin PBXFrameworksBuildPhase section */
		F931B2EE254D536300C215A5 /* Frameworks */ = {
			isa = PBXFrameworksBuildPhase;
			buildActionMask = 2147483647;
			files = (
				2DB9C66680B3AF6CD25DD96E /* Pods_RACPlayground.framework in Frameworks */,
			);
			runOnlyForDeploymentPostprocessing = 0;
		};
		F931B309254D536600C215A5 /* Frameworks */ = {
			isa = PBXFrameworksBuildPhase;
			buildActionMask = 2147483647;
			files = (
				9B1408D0CD26ACCD5B75970D /* Pods_RACPlaygroundTests.framework in Frameworks */,
			);
			runOnlyForDeploymentPostprocessing = 0;
		};
		F931B314254D536600C215A5 /* Frameworks */ = {
			isa = PBXFrameworksBuildPhase;
			buildActionMask = 2147483647;
			files = (
				C51F55DB011874BF2A917DA2 /* Pods_RACPlayground_RACPlaygroundUITests.framework in Frameworks */,
			);
			runOnlyForDeploymentPostprocessing = 0;
		};
/* End PBXFrameworksBuildPhase section */

/* Begin PBXGroup section */
		A43860056793BF8B167B1608 /* Pods */ = {
			isa = PBXGroup;
			children = (
				6988A08CB8E3BD7D5E12A392 /* Pods-RACPlayground.debug.xcconfig */,
				354F0A6A76096047F3D31FB7 /* Pods-RACPlayground.release.xcconfig */,
				D9095B13F6631DAC286A8C19 /* Pods-RACPlayground-RACPlaygroundUITests.debug.xcconfig */,
				C32C0467F5881C5E1510E901 /* Pods-RACPlayground-RACPlaygroundUITests.release.xcconfig */,
				7C5A290CC9A757E52BDBA8EE /* Pods-RACPlaygroundTests.debug.xcconfig */,
				840DA188EE18EF586CEB0850 /* Pods-RACPlaygroundTests.release.xcconfig */,
			);
			path = Pods;
			sourceTree = "<group>";
		};
		A48844B525602BE5002FACC8 /* Setting */ = {
			isa = PBXGroup;
			children = (
				A48844B625602BE5002FACC8 /* ViewModel */,
				A48844B925602BE5002FACC8 /* Interface */,
				A48844BC25602BE5002FACC8 /* View */,
			);
			path = Setting;
			sourceTree = "<group>";
		};
		A48844B625602BE5002FACC8 /* ViewModel */ = {
			isa = PBXGroup;
			children = (
				A48844B725602BE5002FACC8 /* RACSetViewModel.h */,
				A48844B825602BE5002FACC8 /* RACSetViewModel.m */,
			);
			path = ViewModel;
			sourceTree = "<group>";
		};
		A48844B925602BE5002FACC8 /* Interface */ = {
			isa = PBXGroup;
			children = (
				A48844BA25602BE5002FACC8 /* RACSetDataDriverProtocol.h */,
				A48844BB25602BE5002FACC8 /* RACSetViewProtocol.h */,
			);
			path = Interface;
			sourceTree = "<group>";
		};
		A48844BC25602BE5002FACC8 /* View */ = {
			isa = PBXGroup;
			children = (
				A48844BE25602BE5002FACC8 /* RACSetViewController.h */,
				A48844BD25602BE5002FACC8 /* RACSetViewController.m */,
			);
			path = View;
			sourceTree = "<group>";
		};
		A48844C425617B30002FACC8 /* Provider */ = {
			isa = PBXGroup;
			children = (
				A48844CD256180C5002FACC8 /* RACDogProvider.h */,
				A48844CE256180C5002FACC8 /* RACDogProvider.m */,
				A48844C525617B5D002FACC8 /* RACDogModel.h */,
				A48844C625617B5D002FACC8 /* RACDogModel.m */,
			);
			path = Provider;
			sourceTree = "<group>";
		};
		A48844C825618025002FACC8 /* Express */ = {
			isa = PBXGroup;
			children = (
				A48844C92561803F002FACC8 /* RACDogItem.h */,
				A48844CA2561803F002FACC8 /* RACDogItem.m */,
			);
			path = Express;
			sourceTree = "<group>";
		};
		CDEC294AC978BF9DADD5E0F9 /* Frameworks */ = {
			isa = PBXGroup;
			children = (
				DE62FBD2015793094458632A /* Pods_RACPlayground.framework */,
				7D44F8D15B6C0284D4E5AE8A /* Pods_RACPlayground_RACPlaygroundUITests.framework */,
				377E9F45060BD0B8337CA46A /* Pods_RACPlaygroundTests.framework */,
			);
			name = Frameworks;
			sourceTree = "<group>";
		};
		F931B2E8254D536300C215A5 = {
			isa = PBXGroup;
			children = (
				F931B4F4254D5D4900C215A5 /* README.md */,
				F931B2F3254D536300C215A5 /* RACPlayground */,
				F931B30F254D536600C215A5 /* RACPlaygroundTests */,
				F931B31A254D536600C215A5 /* RACPlaygroundUITests */,
				F931B2F2254D536300C215A5 /* Products */,
				A43860056793BF8B167B1608 /* Pods */,
				CDEC294AC978BF9DADD5E0F9 /* Frameworks */,
				F931B35F254D5A4200C215A5 /* Recovered References */,
			);
			sourceTree = "<group>";
		};
		F931B2F2254D536300C215A5 /* Products */ = {
			isa = PBXGroup;
			children = (
				F931B2F1254D536300C215A5 /* RACPlayground.app */,
				F931B30C254D536600C215A5 /* RACPlaygroundTests.xctest */,
				F931B317254D536600C215A5 /* RACPlaygroundUITests.xctest */,
			);
			name = Products;
			sourceTree = "<group>";
		};
		F931B2F3254D536300C215A5 /* RACPlayground */ = {
			isa = PBXGroup;
			children = (
				F937EB622558EB920066160B /* Classes */,
				F97876B6254FB93500B75702 /* Resources */,
				F931B305254D536600C215A5 /* Info.plist */,
				F978774A254FBBB800B75702 /* PrefixHeader.pch */,
			);
			path = RACPlayground;
			sourceTree = "<group>";
		};
		F931B30F254D536600C215A5 /* RACPlaygroundTests */ = {
			isa = PBXGroup;
			children = (
				F931B310254D536600C215A5 /* RACPlaygroundTests.m */,
				F937E6322558DBBE0066160B /* RACQuickTests.m */,
				F931B312254D536600C215A5 /* Info.plist */,
			);
			path = RACPlaygroundTests;
			sourceTree = "<group>";
		};
		F931B31A254D536600C215A5 /* RACPlaygroundUITests */ = {
			isa = PBXGroup;
			children = (
				F931B31B254D536600C215A5 /* RACPlaygroundUITests.m */,
				F931B31D254D536600C215A5 /* Info.plist */,
			);
			path = RACPlaygroundUITests;
			sourceTree = "<group>";
		};
		F931B35F254D5A4200C215A5 /* Recovered References */ = {
			isa = PBXGroup;
			children = (
				1489E75787D5D8C9029B0004 /* Pods_RACPlayground.framework */,
			);
			name = "Recovered References";
			sourceTree = "<group>";
		};
		F937EB622558EB920066160B /* Classes */ = {
			isa = PBXGroup;
			children = (
				F937EB8D2558EB930066160B /* Public */,
				F937EB962558EB930066160B /* Application */,
				F937EB692558EB930066160B /* Foundation */,
			);
			path = Classes;
			sourceTree = "<group>";
		};
		F937EB632558EB920066160B /* MVC */ = {
			isa = PBXGroup;
			children = (
				F937EB642558EB920066160B /* Controller */,
			);
			path = MVC;
			sourceTree = "<group>";
		};
		F937EB642558EB920066160B /* Controller */ = {
			isa = PBXGroup;
			children = (
				F937EB652558EB930066160B /* RWViewController.h */,
				F937EB662558EB930066160B /* RACViewController.m */,
				F937EB672558EB930066160B /* RWViewController.m */,
				F937EB682558EB930066160B /* RACViewController.h */,
			);
			path = Controller;
			sourceTree = "<group>";
		};
		F937EB692558EB930066160B /* Foundation */ = {
			isa = PBXGroup;
			children = (
				F937EB6A2558EB930066160B /* Config */,
				F937EB712558EB930066160B /* Main */,
			);
			path = Foundation;
			sourceTree = "<group>";
		};
		F937EB6A2558EB930066160B /* Config */ = {
			isa = PBXGroup;
			children = (
				F937EB6B2558EB930066160B /* RouteURL */,
				F937EB6D2558EB930066160B /* RequestAPI */,
				F937EB6F2558EB930066160B /* ConstKey */,
			);
			path = Config;
			sourceTree = "<group>";
		};
		F937EB6B2558EB930066160B /* RouteURL */ = {
			isa = PBXGroup;
			children = (
				F937EB6C2558EB930066160B /* README.md */,
			);
			path = RouteURL;
			sourceTree = "<group>";
		};
		F937EB6D2558EB930066160B /* RequestAPI */ = {
			isa = PBXGroup;
			children = (
				F937EB6E2558EB930066160B /* README.md */,
				F9237BF325590F140059AAF8 /* Login.json */,
			);
			path = RequestAPI;
			sourceTree = "<group>";
		};
		F937EB6F2558EB930066160B /* ConstKey */ = {
			isa = PBXGroup;
			children = (
				F937EB702558EB930066160B /* README.md */,
			);
			path = ConstKey;
			sourceTree = "<group>";
		};
		F937EB712558EB930066160B /* Main */ = {
			isa = PBXGroup;
			children = (
				F937EBA02558EB930066160B /* AppDelegate.h */,
				F937EBA32558EB930066160B /* AppDelegate.m */,
				F937EBA22558EB930066160B /* main.m */,
				F937EB722558EB930066160B /* README.md */,
				F937EBA42558EB930066160B /* SceneDelegate.h */,
				F937EBA12558EB930066160B /* SceneDelegate.m */,
			);
			path = Main;
			sourceTree = "<group>";
		};
		F937EB742558EB930066160B /* JHGraphicsExtension */ = {
			isa = PBXGroup;
			children = (
				F937EB7D2558EB930066160B /* UIButton+Ext.h */,
				F937EB862558EB930066160B /* UIButton+Ext.m */,
				F937EB852558EB930066160B /* UIColor+Translate.h */,
				F937EB792558EB930066160B /* UIColor+Translate.m */,
				F937EB822558EB930066160B /* UIImage+ResizeImage.h */,
				F937EB7B2558EB930066160B /* UIImage+ResizeImage.m */,
				F937EB772558EB930066160B /* UIImage+Util.h */,
				F937EB7E2558EB930066160B /* UIImage+Util.m */,
				F937EB762558EB930066160B /* UINavigationBar+FixedPosition.h */,
				F937EB7F2558EB930066160B /* UINavigationBar+FixedPosition.m */,
				F937EB832558EB930066160B /* UIView+Ext.h */,
				F937EB7A2558EB930066160B /* UIView+Ext.m */,
				F937EB752558EB930066160B /* UIView+parentVC.h */,
				F937EB802558EB930066160B /* UIView+parentVC.m */,
				F937EB782558EB930066160B /* UIView+WaterMark.h */,
				F937EB842558EB930066160B /* UIView+WaterMark.m */,
				F937EB7C2558EB930066160B /* UIViewController+topmost.h */,
				F937EB812558EB930066160B /* UIViewController+topmost.m */,
			);
			path = JHGraphicsExtension;
			sourceTree = "<group>";
		};
		F937EB8D2558EB930066160B /* Public */ = {
			isa = PBXGroup;
			children = (
				F937EB8E2558EB930066160B /* Category */,
				F937EB902558EB930066160B /* Cus */,
				F937EB922558EB930066160B /* PluginExtension */,
				F937EB942558EB930066160B /* Lib */,
			);
			path = Public;
			sourceTree = "<group>";
		};
		F937EB8E2558EB930066160B /* Category */ = {
			isa = PBXGroup;
			children = (
				F937EB8F2558EB930066160B /* README.md */,
				F937EB742558EB930066160B /* JHGraphicsExtension */,
			);
			path = Category;
			sourceTree = "<group>";
		};
		F937EB902558EB930066160B /* Cus */ = {
			isa = PBXGroup;
			children = (
				F937EB8C2558EB930066160B /* LegoNavigationController.h */,
				F937EB8B2558EB930066160B /* LegoNavigationController.m */,
				F937EB912558EB930066160B /* README.md */,
			);
			path = Cus;
			sourceTree = "<group>";
		};
		F937EB922558EB930066160B /* PluginExtension */ = {
			isa = PBXGroup;
			children = (
				F937EB932558EB930066160B /* README.md */,
			);
			path = PluginExtension;
			sourceTree = "<group>";
		};
		F937EB942558EB930066160B /* Lib */ = {
			isa = PBXGroup;
			children = (
				F937EB952558EB930066160B /* README.md */,
			);
			path = Lib;
			sourceTree = "<group>";
		};
		F937EB962558EB930066160B /* Application */ = {
			isa = PBXGroup;
			children = (
				F937EB972558EB930066160B /* ABSLayer */,
				F937EB992558EB930066160B /* Components */,
				F937EB9B2558EB930066160B /* UIControls */,
				F937EB9D2558EB930066160B /* Services */,
			);
			path = Application;
			sourceTree = "<group>";
		};
		F937EB972558EB930066160B /* ABSLayer */ = {
			isa = PBXGroup;
			children = (
				F937EC232558F0D30066160B /* RACHttpRequest.h */,
				F937EC242558F0D30066160B /* RACHttpRequest.m */,
				F937EB982558EB930066160B /* README.md */,
			);
			path = ABSLayer;
			sourceTree = "<group>";
		};
		F937EB992558EB930066160B /* Components */ = {
			isa = PBXGroup;
			children = (
				A48844B525602BE5002FACC8 /* Setting */,
				F937EB9A2558EB930066160B /* README.md */,
				F9D291A7255AAAB30023E5A7 /* Register */,
				F937EB632558EB920066160B /* MVC */,
				F937EBA62558EB930066160B /* Home */,
				F937EBBE2558EB930066160B /* Login */,
			);
			path = Components;
			sourceTree = "<group>";
		};
		F937EB9B2558EB930066160B /* UIControls */ = {
			isa = PBXGroup;
			children = (
				F937EB9C2558EB930066160B /* README.md */,
			);
			path = UIControls;
			sourceTree = "<group>";
		};
		F937EB9D2558EB930066160B /* Services */ = {
			isa = PBXGroup;
			children = (
				F937EB9E2558EB930066160B /* README.md */,
				F937EB882558EB930066160B /* RWDummySignInService.h */,
				F937EB892558EB930066160B /* RWDummySignInService.m */,
				A48844C12561786C002FACC8 /* PublicApiService.h */,
				A48844C22561786C002FACC8 /* PublicApiService.m */,
			);
			path = Services;
			sourceTree = "<group>";
		};
		F937EBA62558EB930066160B /* Home */ = {
			isa = PBXGroup;
			children = (
				F937EBAD2558EB930066160B /* Application Logic */,
				F937EBA72558EB930066160B /* Module Interface */,
				F937EBB42558EB930066160B /* User Interface */,
			);
			path = Home;
			sourceTree = "<group>";
		};
		F937EBA72558EB930066160B /* Module Interface */ = {
			isa = PBXGroup;
			children = (
				F937EBA82558EB930066160B /* HomeDataManagerPort.h */,
				F937EBAB2558EB930066160B /* HomeEventHandlerPort.h */,
				F937EBAA2558EB930066160B /* HomeInteractorPort.h */,
				F937EBAC2558EB930066160B /* HomeUserInterfacePort.h */,
				F937EBA92558EB930066160B /* HomeWireframePort.h */,
			);
			path = "Module Interface";
			sourceTree = "<group>";
		};
		F937EBAD2558EB930066160B /* Application Logic */ = {
			isa = PBXGroup;
			children = (
				A48844C425617B30002FACC8 /* Provider */,
				F937EBAE2558EB930066160B /* DataManager */,
				F937EBB12558EB930066160B /* Interactor */,
			);
			path = "Application Logic";
			sourceTree = "<group>";
		};
		F937EBAE2558EB930066160B /* DataManager */ = {
			isa = PBXGroup;
			children = (
				F937EBB02558EB930066160B /* HomeDataManager.h */,
				F937EBAF2558EB930066160B /* HomeDataManager.m */,
			);
			path = DataManager;
			sourceTree = "<group>";
		};
		F937EBB12558EB930066160B /* Interactor */ = {
			isa = PBXGroup;
			children = (
				F937EBB22558EB930066160B /* HomeInteractor.h */,
				F937EBB32558EB930066160B /* HomeInteractor.m */,
			);
			path = Interactor;
			sourceTree = "<group>";
		};
		F937EBB42558EB930066160B /* User Interface */ = {
			isa = PBXGroup;
			children = (
				A48844C825618025002FACC8 /* Express */,
				F937EBB52558EB930066160B /* Presenter */,
				F937EBBB2558EB930066160B /* View */,
				F937EBB82558EB930066160B /* Wireframe */,
			);
			path = "User Interface";
			sourceTree = "<group>";
		};
		F937EBB52558EB930066160B /* Presenter */ = {
			isa = PBXGroup;
			children = (
				F937EBB62558EB930066160B /* HomePresenter.h */,
				F937EBB72558EB930066160B /* HomePresenter.m */,
			);
			path = Presenter;
			sourceTree = "<group>";
		};
		F937EBB82558EB930066160B /* Wireframe */ = {
			isa = PBXGroup;
			children = (
				F937EBBA2558EB930066160B /* HomeRouting.h */,
				F937EBB92558EB930066160B /* HomeRouting.m */,
			);
			path = Wireframe;
			sourceTree = "<group>";
		};
		F937EBBB2558EB930066160B /* View */ = {
			isa = PBXGroup;
			children = (
				F937EBBD2558EB930066160B /* HomeActivity.h */,
				F937EBBC2558EB930066160B /* HomeActivity.m */,
			);
			path = View;
			sourceTree = "<group>";
		};
		F937EBBE2558EB930066160B /* Login */ = {
			isa = PBXGroup;
			children = (
				F937EBC52558EB930066160B /* Application Logic */,
				F937EBBF2558EB930066160B /* Module Interface */,
				F937EBCC2558EB930066160B /* User Interface */,
			);
			path = Login;
			sourceTree = "<group>";
		};
		F937EBBF2558EB930066160B /* Module Interface */ = {
			isa = PBXGroup;
			children = (
				F937EBC42558EB930066160B /* LoginDataManagerPort.h */,
				F937EBC32558EB930066160B /* LoginEventHandlerPort.h */,
				F937EBC02558EB930066160B /* LoginInteractorPort.h */,
				F937EBC12558EB930066160B /* LoginUserInterfacePort.h */,
				F937EBC22558EB930066160B /* LoginWireframePort.h */,
			);
			path = "Module Interface";
			sourceTree = "<group>";
		};
		F937EBC52558EB930066160B /* Application Logic */ = {
			isa = PBXGroup;
			children = (
				F937EBC62558EB930066160B /* DataManager */,
				F937EBC92558EB930066160B /* Interactor */,
			);
			path = "Application Logic";
			sourceTree = "<group>";
		};
		F937EBC62558EB930066160B /* DataManager */ = {
			isa = PBXGroup;
			children = (
				F937EBC82558EB930066160B /* LoginDataManager.h */,
				F937EBC72558EB930066160B /* LoginDataManager.m */,
			);
			path = DataManager;
			sourceTree = "<group>";
		};
		F937EBC92558EB930066160B /* Interactor */ = {
			isa = PBXGroup;
			children = (
				F937EBCA2558EB930066160B /* LoginInteractor.h */,
				F937EBCB2558EB930066160B /* LoginInteractor.m */,
			);
			path = Interactor;
			sourceTree = "<group>";
		};
		F937EBCC2558EB930066160B /* User Interface */ = {
			isa = PBXGroup;
			children = (
				F937EBCD2558EB930066160B /* Presenter */,
				F937EBD32558EB930066160B /* View */,
				F937EBD02558EB930066160B /* Wireframe */,
			);
			path = "User Interface";
			sourceTree = "<group>";
		};
		F937EBCD2558EB930066160B /* Presenter */ = {
			isa = PBXGroup;
			children = (
				F937EBCF2558EB930066160B /* LoginPresenter.h */,
				F937EBCE2558EB930066160B /* LoginPresenter.m */,
			);
			path = Presenter;
			sourceTree = "<group>";
		};
		F937EBD02558EB930066160B /* Wireframe */ = {
			isa = PBXGroup;
			children = (
				F937EBD12558EB930066160B /* LoginRouting.h */,
				F937EBD22558EB930066160B /* LoginRouting.m */,
			);
			path = Wireframe;
			sourceTree = "<group>";
		};
		F937EBD32558EB930066160B /* View */ = {
			isa = PBXGroup;
			children = (
				F937EBD52558EB930066160B /* LoginActivity.h */,
				F937EBD42558EB930066160B /* LoginActivity.m */,
			);
			path = View;
			sourceTree = "<group>";
		};
		F97876B6254FB93500B75702 /* Resources */ = {
			isa = PBXGroup;
			children = (
				F931B33A254D542A00C215A5 /* kitten.jpg */,
				F931B2FD254D536300C215A5 /* Main.storyboard */,
				F931B300254D536600C215A5 /* Assets.xcassets */,
				F931B302254D536600C215A5 /* LaunchScreen.storyboard */,
			);
			path = Resources;
			sourceTree = "<group>";
		};
		F9D291A7255AAAB30023E5A7 /* Register */ = {
			isa = PBXGroup;
			children = (
				F9D291A8255AAAB30023E5A7 /* ViewModel */,
				F9D291AB255AAAB30023E5A7 /* Interface */,
				F9D291AE255AAAB30023E5A7 /* View */,
			);
			path = Register;
			sourceTree = "<group>";
		};
		F9D291A8255AAAB30023E5A7 /* ViewModel */ = {
			isa = PBXGroup;
			children = (
				F9D291A9255AAAB30023E5A7 /* RACRegisterViewModel.h */,
				F9D291AA255AAAB30023E5A7 /* RACRegisterViewModel.m */,
			);
			path = ViewModel;
			sourceTree = "<group>";
		};
		F9D291AB255AAAB30023E5A7 /* Interface */ = {
			isa = PBXGroup;
			children = (
				F9D291AC255AAAB30023E5A7 /* RACRegisterViewProtocol.h */,
				F9D291AD255AAAB30023E5A7 /* RACRegisterDataDriverProtocol.h */,
			);
			path = Interface;
			sourceTree = "<group>";
		};
		F9D291AE255AAAB30023E5A7 /* View */ = {
			isa = PBXGroup;
			children = (
				F9D291B0255AAAB30023E5A7 /* RACRegisterViewController.h */,
				F9D291AF255AAAB30023E5A7 /* RACRegisterViewController.m */,
			);
			path = View;
			sourceTree = "<group>";
		};
/* End PBXGroup section */

/* Begin PBXNativeTarget section */
		F931B2F0254D536300C215A5 /* RACPlayground */ = {
			isa = PBXNativeTarget;
			buildConfigurationList = F931B320254D536600C215A5 /* Build configuration list for PBXNativeTarget "RACPlayground" */;
			buildPhases = (
				161DBB1D648E61DDD6D72C70 /* [CP] Check Pods Manifest.lock */,
				F931B2ED254D536300C215A5 /* Sources */,
				F931B2EE254D536300C215A5 /* Frameworks */,
				F931B2EF254D536300C215A5 /* Resources */,
				F931B349254D558300C215A5 /* Embed Frameworks */,
				6D4616A9456FCBFD2A2100BF /* [CP] Embed Pods Frameworks */,
			);
			buildRules = (
			);
			dependencies = (
			);
			name = RACPlayground;
			productName = RACPlayground;
			productReference = F931B2F1254D536300C215A5 /* RACPlayground.app */;
			productType = "com.apple.product-type.application";
		};
		F931B30B254D536600C215A5 /* RACPlaygroundTests */ = {
			isa = PBXNativeTarget;
			buildConfigurationList = F931B323254D536600C215A5 /* Build configuration list for PBXNativeTarget "RACPlaygroundTests" */;
			buildPhases = (
				5068DEEC9D9C371B7F16454B /* [CP] Check Pods Manifest.lock */,
				F931B308254D536600C215A5 /* Sources */,
				F931B309254D536600C215A5 /* Frameworks */,
				F931B30A254D536600C215A5 /* Resources */,
			);
			buildRules = (
			);
			dependencies = (
				F931B30E254D536600C215A5 /* PBXTargetDependency */,
			);
			name = RACPlaygroundTests;
			productName = RACPlaygroundTests;
			productReference = F931B30C254D536600C215A5 /* RACPlaygroundTests.xctest */;
			productType = "com.apple.product-type.bundle.unit-test";
		};
		F931B316254D536600C215A5 /* RACPlaygroundUITests */ = {
			isa = PBXNativeTarget;
			buildConfigurationList = F931B326254D536600C215A5 /* Build configuration list for PBXNativeTarget "RACPlaygroundUITests" */;
			buildPhases = (
				FB0CB9676D373C2863720E83 /* [CP] Check Pods Manifest.lock */,
				F931B313254D536600C215A5 /* Sources */,
				F931B314254D536600C215A5 /* Frameworks */,
				F931B315254D536600C215A5 /* Resources */,
				82868215B5D2109F28195B17 /* [CP] Embed Pods Frameworks */,
			);
			buildRules = (
			);
			dependencies = (
				F931B319254D536600C215A5 /* PBXTargetDependency */,
			);
			name = RACPlaygroundUITests;
			productName = RACPlaygroundUITests;
			productReference = F931B317254D536600C215A5 /* RACPlaygroundUITests.xctest */;
			productType = "com.apple.product-type.bundle.ui-testing";
		};
/* End PBXNativeTarget section */

/* Begin PBXProject section */
		F931B2E9254D536300C215A5 /* Project object */ = {
			isa = PBXProject;
			attributes = {
				CLASSPREFIX = RAC;
				LastUpgradeCheck = 1210;
				TargetAttributes = {
					F931B2F0254D536300C215A5 = {
						CreatedOnToolsVersion = 12.1;
					};
					F931B30B254D536600C215A5 = {
						CreatedOnToolsVersion = 12.1;
						TestTargetID = F931B2F0254D536300C215A5;
					};
					F931B316254D536600C215A5 = {
						CreatedOnToolsVersion = 12.1;
						TestTargetID = F931B2F0254D536300C215A5;
					};
				};
			};
			buildConfigurationList = F931B2EC254D536300C215A5 /* Build configuration list for PBXProject "RACPlayground" */;
			compatibilityVersion = "Xcode 9.3";
			developmentRegion = en;
			hasScannedForEncodings = 0;
			knownRegions = (
				en,
				Base,
			);
			mainGroup = F931B2E8254D536300C215A5;
			productRefGroup = F931B2F2254D536300C215A5 /* Products */;
			projectDirPath = "";
			projectRoot = "";
			targets = (
				F931B2F0254D536300C215A5 /* RACPlayground */,
				F931B30B254D536600C215A5 /* RACPlaygroundTests */,
				F931B316254D536600C215A5 /* RACPlaygroundUITests */,
			);
		};
/* End PBXProject section */

/* Begin PBXResourcesBuildPhase section */
		F931B2EF254D536300C215A5 /* Resources */ = {
			isa = PBXResourcesBuildPhase;
			buildActionMask = 2147483647;
			files = (
				F931B33B254D542A00C215A5 /* kitten.jpg in Resources */,
				F9237BF425590F140059AAF8 /* Login.json in Resources */,
				F931B304254D536600C215A5 /* LaunchScreen.storyboard in Resources */,
				F931B301254D536600C215A5 /* Assets.xcassets in Resources */,
				F931B2FF254D536300C215A5 /* Main.storyboard in Resources */,
			);
			runOnlyForDeploymentPostprocessing = 0;
		};
		F931B30A254D536600C215A5 /* Resources */ = {
			isa = PBXResourcesBuildPhase;
			buildActionMask = 2147483647;
			files = (
			);
			runOnlyForDeploymentPostprocessing = 0;
		};
		F931B315254D536600C215A5 /* Resources */ = {
			isa = PBXResourcesBuildPhase;
			buildActionMask = 2147483647;
			files = (
			);
			runOnlyForDeploymentPostprocessing = 0;
		};
/* End PBXResourcesBuildPhase section */

/* Begin PBXShellScriptBuildPhase section */
		161DBB1D648E61DDD6D72C70 /* [CP] Check Pods Manifest.lock */ = {
			isa = PBXShellScriptBuildPhase;
			buildActionMask = 2147483647;
			files = (
			);
			inputFileListPaths = (
			);
			inputPaths = (
				"${PODS_PODFILE_DIR_PATH}/Podfile.lock",
				"${PODS_ROOT}/Manifest.lock",
			);
			name = "[CP] Check Pods Manifest.lock";
			outputFileListPaths = (
			);
			outputPaths = (
				"$(DERIVED_FILE_DIR)/Pods-RACPlayground-checkManifestLockResult.txt",
			);
			runOnlyForDeploymentPostprocessing = 0;
			shellPath = /bin/sh;
			shellScript = "diff \"${PODS_PODFILE_DIR_PATH}/Podfile.lock\" \"${PODS_ROOT}/Manifest.lock\" > /dev/null\nif [ $? != 0 ] ; then\n    # print error to STDERR\n    echo \"error: The sandbox is not in sync with the Podfile.lock. Run 'pod install' or update your CocoaPods installation.\" >&2\n    exit 1\nfi\n# This output is used by Xcode 'outputs' to avoid re-running this script phase.\necho \"SUCCESS\" > \"${SCRIPT_OUTPUT_FILE_0}\"\n";
			showEnvVarsInLog = 0;
		};
		5068DEEC9D9C371B7F16454B /* [CP] Check Pods Manifest.lock */ = {
			isa = PBXShellScriptBuildPhase;
			buildActionMask = 2147483647;
			files = (
			);
			inputFileListPaths = (
			);
			inputPaths = (
				"${PODS_PODFILE_DIR_PATH}/Podfile.lock",
				"${PODS_ROOT}/Manifest.lock",
			);
			name = "[CP] Check Pods Manifest.lock";
			outputFileListPaths = (
			);
			outputPaths = (
				"$(DERIVED_FILE_DIR)/Pods-RACPlaygroundTests-checkManifestLockResult.txt",
			);
			runOnlyForDeploymentPostprocessing = 0;
			shellPath = /bin/sh;
			shellScript = "diff \"${PODS_PODFILE_DIR_PATH}/Podfile.lock\" \"${PODS_ROOT}/Manifest.lock\" > /dev/null\nif [ $? != 0 ] ; then\n    # print error to STDERR\n    echo \"error: The sandbox is not in sync with the Podfile.lock. Run 'pod install' or update your CocoaPods installation.\" >&2\n    exit 1\nfi\n# This output is used by Xcode 'outputs' to avoid re-running this script phase.\necho \"SUCCESS\" > \"${SCRIPT_OUTPUT_FILE_0}\"\n";
			showEnvVarsInLog = 0;
		};
		6D4616A9456FCBFD2A2100BF /* [CP] Embed Pods Frameworks */ = {
			isa = PBXShellScriptBuildPhase;
			buildActionMask = 2147483647;
			files = (
			);
			inputFileListPaths = (
				"${PODS_ROOT}/Target Support Files/Pods-RACPlayground/Pods-RACPlayground-frameworks-${CONFIGURATION}-input-files.xcfilelist",
			);
			name = "[CP] Embed Pods Frameworks";
			outputFileListPaths = (
				"${PODS_ROOT}/Target Support Files/Pods-RACPlayground/Pods-RACPlayground-frameworks-${CONFIGURATION}-output-files.xcfilelist",
			);
			runOnlyForDeploymentPostprocessing = 0;
			shellPath = /bin/sh;
			shellScript = "\"${PODS_ROOT}/Target Support Files/Pods-RACPlayground/Pods-RACPlayground-frameworks.sh\"\n";
			showEnvVarsInLog = 0;
		};
		82868215B5D2109F28195B17 /* [CP] Embed Pods Frameworks */ = {
			isa = PBXShellScriptBuildPhase;
			buildActionMask = 2147483647;
			files = (
			);
			inputFileListPaths = (
				"${PODS_ROOT}/Target Support Files/Pods-RACPlayground-RACPlaygroundUITests/Pods-RACPlayground-RACPlaygroundUITests-frameworks-${CONFIGURATION}-input-files.xcfilelist",
			);
			name = "[CP] Embed Pods Frameworks";
			outputFileListPaths = (
				"${PODS_ROOT}/Target Support Files/Pods-RACPlayground-RACPlaygroundUITests/Pods-RACPlayground-RACPlaygroundUITests-frameworks-${CONFIGURATION}-output-files.xcfilelist",
			);
			runOnlyForDeploymentPostprocessing = 0;
			shellPath = /bin/sh;
			shellScript = "\"${PODS_ROOT}/Target Support Files/Pods-RACPlayground-RACPlaygroundUITests/Pods-RACPlayground-RACPlaygroundUITests-frameworks.sh\"\n";
			showEnvVarsInLog = 0;
		};
		FB0CB9676D373C2863720E83 /* [CP] Check Pods Manifest.lock */ = {
			isa = PBXShellScriptBuildPhase;
			buildActionMask = 2147483647;
			files = (
			);
			inputFileListPaths = (
			);
			inputPaths = (
				"${PODS_PODFILE_DIR_PATH}/Podfile.lock",
				"${PODS_ROOT}/Manifest.lock",
			);
			name = "[CP] Check Pods Manifest.lock";
			outputFileListPaths = (
			);
			outputPaths = (
				"$(DERIVED_FILE_DIR)/Pods-RACPlayground-RACPlaygroundUITests-checkManifestLockResult.txt",
			);
			runOnlyForDeploymentPostprocessing = 0;
			shellPath = /bin/sh;
			shellScript = "diff \"${PODS_PODFILE_DIR_PATH}/Podfile.lock\" \"${PODS_ROOT}/Manifest.lock\" > /dev/null\nif [ $? != 0 ] ; then\n    # print error to STDERR\n    echo \"error: The sandbox is not in sync with the Podfile.lock. Run 'pod install' or update your CocoaPods installation.\" >&2\n    exit 1\nfi\n# This output is used by Xcode 'outputs' to avoid re-running this script phase.\necho \"SUCCESS\" > \"${SCRIPT_OUTPUT_FILE_0}\"\n";
			showEnvVarsInLog = 0;
		};
/* End PBXShellScriptBuildPhase section */

/* Begin PBXSourcesBuildPhase section */
		F931B2ED254D536300C215A5 /* Sources */ = {
			isa = PBXSourcesBuildPhase;
			buildActionMask = 2147483647;
			files = (
				F937EBF82558EB930066160B /* LoginInteractor.m in Sources */,
				F937EBDC2558EB930066160B /* UIColor+Translate.m in Sources */,
				A48844CF256180C5002FACC8 /* RACDogProvider.m in Sources */,
				F937EBE12558EB930066160B /* UIView+parentVC.m in Sources */,
				F937EBFA2558EB930066160B /* LoginRouting.m in Sources */,
				F9D291B1255AAAB30023E5A7 /* RACRegisterViewModel.m in Sources */,
				F937EBE52558EB930066160B /* RWDummySignInService.m in Sources */,
				F937EBF92558EB930066160B /* LoginPresenter.m in Sources */,
				F937EBF32558EB930066160B /* HomeInteractor.m in Sources */,
				F937EBF22558EB930066160B /* HomeDataManager.m in Sources */,
				A48844C725617B5D002FACC8 /* RACDogModel.m in Sources */,
				F937EBD62558EB930066160B /* RACViewController.m in Sources */,
				A48844C32561786C002FACC8 /* PublicApiService.m in Sources */,
				F937EBF42558EB930066160B /* HomePresenter.m in Sources */,
				F937EBD72558EB930066160B /* RWViewController.m in Sources */,
				A48844C025602BE5002FACC8 /* RACSetViewController.m in Sources */,
				F937EBF62558EB930066160B /* HomeActivity.m in Sources */,
				F937EBE02558EB930066160B /* UINavigationBar+FixedPosition.m in Sources */,
				A48844CB2561803F002FACC8 /* RACDogItem.m in Sources */,
				F937EBF52558EB930066160B /* HomeRouting.m in Sources */,
				F937EBE42558EB930066160B /* UIButton+Ext.m in Sources */,
				F937EBE22558EB930066160B /* UIViewController+topmost.m in Sources */,
				F937EC252558F0D30066160B /* RACHttpRequest.m in Sources */,
				F937EBE62558EB930066160B /* LegoNavigationController.m in Sources */,
				F937EBDF2558EB930066160B /* UIImage+Util.m in Sources */,
				F9D291B2255AAAB30023E5A7 /* RACRegisterViewController.m in Sources */,
				F937EBF02558EB930066160B /* main.m in Sources */,
				A48844BF25602BE5002FACC8 /* RACSetViewModel.m in Sources */,
				F937EBE32558EB930066160B /* UIView+WaterMark.m in Sources */,
				F937EBFB2558EB930066160B /* LoginActivity.m in Sources */,
				F937EBDD2558EB930066160B /* UIView+Ext.m in Sources */,
				F937EBF72558EB930066160B /* LoginDataManager.m in Sources */,
				F937EBDE2558EB930066160B /* UIImage+ResizeImage.m in Sources */,
				F937EBF12558EB930066160B /* AppDelegate.m in Sources */,
			);
			runOnlyForDeploymentPostprocessing = 0;
		};
		F931B308254D536600C215A5 /* Sources */ = {
			isa = PBXSourcesBuildPhase;
			buildActionMask = 2147483647;
			files = (
				F937E6332558DBBE0066160B /* RACQuickTests.m in Sources */,
				F931B311254D536600C215A5 /* RACPlaygroundTests.m in Sources */,
			);
			runOnlyForDeploymentPostprocessing = 0;
		};
		F931B313254D536600C215A5 /* Sources */ = {
			isa = PBXSourcesBuildPhase;
			buildActionMask = 2147483647;
			files = (
				F931B31C254D536600C215A5 /* RACPlaygroundUITests.m in Sources */,
			);
			runOnlyForDeploymentPostprocessing = 0;
		};
/* End PBXSourcesBuildPhase section */

/* Begin PBXTargetDependency section */
		F931B30E254D536600C215A5 /* PBXTargetDependency */ = {
			isa = PBXTargetDependency;
			target = F931B2F0254D536300C215A5 /* RACPlayground */;
			targetProxy = F931B30D254D536600C215A5 /* PBXContainerItemProxy */;
		};
		F931B319254D536600C215A5 /* PBXTargetDependency */ = {
			isa = PBXTargetDependency;
			target = F931B2F0254D536300C215A5 /* RACPlayground */;
			targetProxy = F931B318254D536600C215A5 /* PBXContainerItemProxy */;
		};
/* End PBXTargetDependency section */

/* Begin PBXVariantGroup section */
		F931B2FD254D536300C215A5 /* Main.storyboard */ = {
			isa = PBXVariantGroup;
			children = (
				F931B2FE254D536300C215A5 /* Base */,
			);
			name = Main.storyboard;
			sourceTree = "<group>";
		};
		F931B302254D536600C215A5 /* LaunchScreen.storyboard */ = {
			isa = PBXVariantGroup;
			children = (
				F931B303254D536600C215A5 /* Base */,
			);
			name = LaunchScreen.storyboard;
			sourceTree = "<group>";
		};
/* End PBXVariantGroup section */

/* Begin XCBuildConfiguration section */
		F931B31E254D536600C215A5 /* Debug */ = {
			isa = XCBuildConfiguration;
			buildSettings = {
				ALWAYS_SEARCH_USER_PATHS = NO;
				CLANG_ANALYZER_NONNULL = YES;
				CLANG_ANALYZER_NUMBER_OBJECT_CONVERSION = YES_AGGRESSIVE;
				CLANG_CXX_LANGUAGE_STANDARD = "gnu++14";
				CLANG_CXX_LIBRARY = "libc++";
				CLANG_ENABLE_MODULES = YES;
				CLANG_ENABLE_OBJC_ARC = YES;
				CLANG_ENABLE_OBJC_WEAK = YES;
				CLANG_WARN_BLOCK_CAPTURE_AUTORELEASING = YES;
				CLANG_WARN_BOOL_CONVERSION = YES;
				CLANG_WARN_COMMA = YES;
				CLANG_WARN_CONSTANT_CONVERSION = YES;
				CLANG_WARN_DEPRECATED_OBJC_IMPLEMENTATIONS = YES;
				CLANG_WARN_DIRECT_OBJC_ISA_USAGE = YES_ERROR;
				CLANG_WARN_DOCUMENTATION_COMMENTS = YES;
				CLANG_WARN_EMPTY_BODY = YES;
				CLANG_WARN_ENUM_CONVERSION = YES;
				CLANG_WARN_INFINITE_RECURSION = YES;
				CLANG_WARN_INT_CONVERSION = YES;
				CLANG_WARN_NON_LITERAL_NULL_CONVERSION = YES;
				CLANG_WARN_OBJC_IMPLICIT_RETAIN_SELF = YES;
				CLANG_WARN_OBJC_LITERAL_CONVERSION = YES;
				CLANG_WARN_OBJC_ROOT_CLASS = YES_ERROR;
				CLANG_WARN_QUOTED_INCLUDE_IN_FRAMEWORK_HEADER = YES;
				CLANG_WARN_RANGE_LOOP_ANALYSIS = YES;
				CLANG_WARN_STRICT_PROTOTYPES = YES;
				CLANG_WARN_SUSPICIOUS_MOVE = YES;
				CLANG_WARN_UNGUARDED_AVAILABILITY = YES_AGGRESSIVE;
				CLANG_WARN_UNREACHABLE_CODE = YES;
				CLANG_WARN__DUPLICATE_METHOD_MATCH = YES;
				COPY_PHASE_STRIP = NO;
				DEBUG_INFORMATION_FORMAT = dwarf;
				ENABLE_STRICT_OBJC_MSGSEND = YES;
				ENABLE_TESTABILITY = YES;
				GCC_C_LANGUAGE_STANDARD = gnu11;
				GCC_DYNAMIC_NO_PIC = NO;
				GCC_NO_COMMON_BLOCKS = YES;
				GCC_OPTIMIZATION_LEVEL = 0;
				GCC_PREPROCESSOR_DEFINITIONS = (
					"DEBUG=1",
					"$(inherited)",
				);
				GCC_WARN_64_TO_32_BIT_CONVERSION = YES;
				GCC_WARN_ABOUT_RETURN_TYPE = YES_ERROR;
				GCC_WARN_UNDECLARED_SELECTOR = YES;
				GCC_WARN_UNINITIALIZED_AUTOS = YES_AGGRESSIVE;
				GCC_WARN_UNUSED_FUNCTION = YES;
				GCC_WARN_UNUSED_VARIABLE = YES;
				IPHONEOS_DEPLOYMENT_TARGET = 14.1;
				MTL_ENABLE_DEBUG_INFO = INCLUDE_SOURCE;
				MTL_FAST_MATH = YES;
				ONLY_ACTIVE_ARCH = YES;
				SDKROOT = iphoneos;
			};
			name = Debug;
		};
		F931B31F254D536600C215A5 /* Release */ = {
			isa = XCBuildConfiguration;
			buildSettings = {
				ALWAYS_SEARCH_USER_PATHS = NO;
				CLANG_ANALYZER_NONNULL = YES;
				CLANG_ANALYZER_NUMBER_OBJECT_CONVERSION = YES_AGGRESSIVE;
				CLANG_CXX_LANGUAGE_STANDARD = "gnu++14";
				CLANG_CXX_LIBRARY = "libc++";
				CLANG_ENABLE_MODULES = YES;
				CLANG_ENABLE_OBJC_ARC = YES;
				CLANG_ENABLE_OBJC_WEAK = YES;
				CLANG_WARN_BLOCK_CAPTURE_AUTORELEASING = YES;
				CLANG_WARN_BOOL_CONVERSION = YES;
				CLANG_WARN_COMMA = YES;
				CLANG_WARN_CONSTANT_CONVERSION = YES;
				CLANG_WARN_DEPRECATED_OBJC_IMPLEMENTATIONS = YES;
				CLANG_WARN_DIRECT_OBJC_ISA_USAGE = YES_ERROR;
				CLANG_WARN_DOCUMENTATION_COMMENTS = YES;
				CLANG_WARN_EMPTY_BODY = YES;
				CLANG_WARN_ENUM_CONVERSION = YES;
				CLANG_WARN_INFINITE_RECURSION = YES;
				CLANG_WARN_INT_CONVERSION = YES;
				CLANG_WARN_NON_LITERAL_NULL_CONVERSION = YES;
				CLANG_WARN_OBJC_IMPLICIT_RETAIN_SELF = YES;
				CLANG_WARN_OBJC_LITERAL_CONVERSION = YES;
				CLANG_WARN_OBJC_ROOT_CLASS = YES_ERROR;
				CLANG_WARN_QUOTED_INCLUDE_IN_FRAMEWORK_HEADER = YES;
				CLANG_WARN_RANGE_LOOP_ANALYSIS = YES;
				CLANG_WARN_STRICT_PROTOTYPES = YES;
				CLANG_WARN_SUSPICIOUS_MOVE = YES;
				CLANG_WARN_UNGUARDED_AVAILABILITY = YES_AGGRESSIVE;
				CLANG_WARN_UNREACHABLE_CODE = YES;
				CLANG_WARN__DUPLICATE_METHOD_MATCH = YES;
				COPY_PHASE_STRIP = NO;
				DEBUG_INFORMATION_FORMAT = "dwarf-with-dsym";
				ENABLE_NS_ASSERTIONS = NO;
				ENABLE_STRICT_OBJC_MSGSEND = YES;
				GCC_C_LANGUAGE_STANDARD = gnu11;
				GCC_NO_COMMON_BLOCKS = YES;
				GCC_WARN_64_TO_32_BIT_CONVERSION = YES;
				GCC_WARN_ABOUT_RETURN_TYPE = YES_ERROR;
				GCC_WARN_UNDECLARED_SELECTOR = YES;
				GCC_WARN_UNINITIALIZED_AUTOS = YES_AGGRESSIVE;
				GCC_WARN_UNUSED_FUNCTION = YES;
				GCC_WARN_UNUSED_VARIABLE = YES;
				IPHONEOS_DEPLOYMENT_TARGET = 14.1;
				MTL_ENABLE_DEBUG_INFO = NO;
				MTL_FAST_MATH = YES;
				SDKROOT = iphoneos;
				VALIDATE_PRODUCT = YES;
			};
			name = Release;
		};
		F931B321254D536600C215A5 /* Debug */ = {
			isa = XCBuildConfiguration;
			baseConfigurationReference = 6988A08CB8E3BD7D5E12A392 /* Pods-RACPlayground.debug.xcconfig */;
			buildSettings = {
				ASSETCATALOG_COMPILER_APPICON_NAME = AppIcon;
				ASSETCATALOG_COMPILER_GLOBAL_ACCENT_COLOR_NAME = AccentColor;
				CODE_SIGN_STYLE = Automatic;
				GCC_INCREASE_PRECOMPILED_HEADER_SHARING = NO;
				GCC_PREFIX_HEADER = RACPlayground/PrefixHeader.pch;
				INFOPLIST_FILE = RACPlayground/Info.plist;
				IPHONEOS_DEPLOYMENT_TARGET = 12.1;
				LD_RUNPATH_SEARCH_PATHS = (
					"$(inherited)",
					"@executable_path/Frameworks",
				);
				PRODUCT_BUNDLE_IDENTIFIER = com.hsg.iTBoyer.RACPlayground;
				PRODUCT_NAME = "$(TARGET_NAME)";
				TARGETED_DEVICE_FAMILY = "1,2";
			};
			name = Debug;
		};
		F931B322254D536600C215A5 /* Release */ = {
			isa = XCBuildConfiguration;
			baseConfigurationReference = 354F0A6A76096047F3D31FB7 /* Pods-RACPlayground.release.xcconfig */;
			buildSettings = {
				ASSETCATALOG_COMPILER_APPICON_NAME = AppIcon;
				ASSETCATALOG_COMPILER_GLOBAL_ACCENT_COLOR_NAME = AccentColor;
				CODE_SIGN_STYLE = Automatic;
				GCC_INCREASE_PRECOMPILED_HEADER_SHARING = NO;
				GCC_PREFIX_HEADER = RACPlayground/PrefixHeader.pch;
				INFOPLIST_FILE = RACPlayground/Info.plist;
				IPHONEOS_DEPLOYMENT_TARGET = 12.1;
				LD_RUNPATH_SEARCH_PATHS = (
					"$(inherited)",
					"@executable_path/Frameworks",
				);
				PRODUCT_BUNDLE_IDENTIFIER = com.hsg.iTBoyer.RACPlayground;
				PRODUCT_NAME = "$(TARGET_NAME)";
				TARGETED_DEVICE_FAMILY = "1,2";
			};
			name = Release;
		};
		F931B324254D536600C215A5 /* Debug */ = {
			isa = XCBuildConfiguration;
			baseConfigurationReference = 7C5A290CC9A757E52BDBA8EE /* Pods-RACPlaygroundTests.debug.xcconfig */;
			buildSettings = {
				BUNDLE_LOADER = "$(TEST_HOST)";
				CODE_SIGN_STYLE = Automatic;
				INFOPLIST_FILE = RACPlaygroundTests/Info.plist;
				IPHONEOS_DEPLOYMENT_TARGET = 14.1;
				LD_RUNPATH_SEARCH_PATHS = (
					"$(inherited)",
					"@executable_path/Frameworks",
					"@loader_path/Frameworks",
				);
				PRODUCT_BUNDLE_IDENTIFIER = com.hsg.iTBoyer.RACPlaygroundTests;
				PRODUCT_NAME = "$(TARGET_NAME)";
				TARGETED_DEVICE_FAMILY = "1,2";
				TEST_HOST = "$(BUILT_PRODUCTS_DIR)/RACPlayground.app/RACPlayground";
			};
			name = Debug;
		};
		F931B325254D536600C215A5 /* Release */ = {
			isa = XCBuildConfiguration;
			baseConfigurationReference = 840DA188EE18EF586CEB0850 /* Pods-RACPlaygroundTests.release.xcconfig */;
			buildSettings = {
				BUNDLE_LOADER = "$(TEST_HOST)";
				CODE_SIGN_STYLE = Automatic;
				INFOPLIST_FILE = RACPlaygroundTests/Info.plist;
				IPHONEOS_DEPLOYMENT_TARGET = 14.1;
				LD_RUNPATH_SEARCH_PATHS = (
					"$(inherited)",
					"@executable_path/Frameworks",
					"@loader_path/Frameworks",
				);
				PRODUCT_BUNDLE_IDENTIFIER = com.hsg.iTBoyer.RACPlaygroundTests;
				PRODUCT_NAME = "$(TARGET_NAME)";
				TARGETED_DEVICE_FAMILY = "1,2";
				TEST_HOST = "$(BUILT_PRODUCTS_DIR)/RACPlayground.app/RACPlayground";
			};
			name = Release;
		};
		F931B327254D536600C215A5 /* Debug */ = {
			isa = XCBuildConfiguration;
			baseConfigurationReference = D9095B13F6631DAC286A8C19 /* Pods-RACPlayground-RACPlaygroundUITests.debug.xcconfig */;
			buildSettings = {
				CODE_SIGN_STYLE = Automatic;
				INFOPLIST_FILE = RACPlaygroundUITests/Info.plist;
				LD_RUNPATH_SEARCH_PATHS = (
					"$(inherited)",
					"@executable_path/Frameworks",
					"@loader_path/Frameworks",
				);
				PRODUCT_BUNDLE_IDENTIFIER = com.hsg.iTBoyer.RACPlaygroundUITests;
				PRODUCT_NAME = "$(TARGET_NAME)";
				TARGETED_DEVICE_FAMILY = "1,2";
				TEST_TARGET_NAME = RACPlayground;
			};
			name = Debug;
		};
		F931B328254D536600C215A5 /* Release */ = {
			isa = XCBuildConfiguration;
			baseConfigurationReference = C32C0467F5881C5E1510E901 /* Pods-RACPlayground-RACPlaygroundUITests.release.xcconfig */;
			buildSettings = {
				CODE_SIGN_STYLE = Automatic;
				INFOPLIST_FILE = RACPlaygroundUITests/Info.plist;
				LD_RUNPATH_SEARCH_PATHS = (
					"$(inherited)",
					"@executable_path/Frameworks",
					"@loader_path/Frameworks",
				);
				PRODUCT_BUNDLE_IDENTIFIER = com.hsg.iTBoyer.RACPlaygroundUITests;
				PRODUCT_NAME = "$(TARGET_NAME)";
				TARGETED_DEVICE_FAMILY = "1,2";
				TEST_TARGET_NAME = RACPlayground;
			};
			name = Release;
		};
/* End XCBuildConfiguration section */

/* Begin XCConfigurationList section */
		F931B2EC254D536300C215A5 /* Build configuration list for PBXProject "RACPlayground" */ = {
			isa = XCConfigurationList;
			buildConfigurations = (
				F931B31E254D536600C215A5 /* Debug */,
				F931B31F254D536600C215A5 /* Release */,
			);
			defaultConfigurationIsVisible = 0;
			defaultConfigurationName = Release;
		};
		F931B320254D536600C215A5 /* Build configuration list for PBXNativeTarget "RACPlayground" */ = {
			isa = XCConfigurationList;
			buildConfigurations = (
				F931B321254D536600C215A5 /* Debug */,
				F931B322254D536600C215A5 /* Release */,
			);
			defaultConfigurationIsVisible = 0;
			defaultConfigurationName = Release;
		};
		F931B323254D536600C215A5 /* Build configuration list for PBXNativeTarget "RACPlaygroundTests" */ = {
			isa = XCConfigurationList;
			buildConfigurations = (
				F931B324254D536600C215A5 /* Debug */,
				F931B325254D536600C215A5 /* Release */,
			);
			defaultConfigurationIsVisible = 0;
			defaultConfigurationName = Release;
		};
		F931B326254D536600C215A5 /* Build configuration list for PBXNativeTarget "RACPlaygroundUITests" */ = {
			isa = XCConfigurationList;
			buildConfigurations = (
				F931B327254D536600C215A5 /* Debug */,
				F931B328254D536600C215A5 /* Release */,
			);
			defaultConfigurationIsVisible = 0;
			defaultConfigurationName = Release;
		};
/* End XCConfigurationList section */
	};
	rootObject = F931B2E9254D536300C215A5 /* Project object */;
}
