PODS:
  - Masonry (1.1.0)
  - ReactiveCocoa (2.5):
    - ReactiveCocoa/UI (= 2.5)
  - ReactiveCocoa/Core (2.5):
    - ReactiveCocoa/no-arc
  - ReactiveCocoa/no-arc (2.5)
  - ReactiveCocoa/UI (2.5):
    - ReactiveCocoa/Core
  - XFLegoVIPER (4.20.0)

DEPENDENCIES:
  - Masonry
  - ReactiveCocoa (~> 2.5)
  - XFLegoVIPER (~> 4.0)

SPEC REPOS:
  trunk:
    - Masonry
    - ReactiveCocoa
    - XFLegoVIPER

SPEC CHECKSUMS:
  Masonry: 678fab65091a9290e40e2832a55e7ab731aad201
  ReactiveCocoa: e2db045570aa97c695e7aa97c2bcab222ae51f4a
  XFLegoVIPER: bfe5299906f0085431b7fb105432c2a1384c85b5

PODFILE CHECKSUM: bed3bee82ae2180835bc5b7c409712a1a4a27f6e

COCOAPODS: 1.9.1
